// !$*UTF8*$!
{
	archiveVersion = 1;
	classes = {
	};
	objectVersion = 46;
	objects = {

/* Begin PBXBuildFile section */
		E23D3D691B462FDF00E7DC1B /* libturbojpeg.dylib in Frameworks */ = {isa = PBXBuildFile; fileRef = E2785DAF1B334B23007E4654 /* libturbojpeg.dylib */; };
		E2785DB01B334B23007E4654 /* turbojpeg.h in Headers */ = {isa = PBXBuildFile; fileRef = E2785DAC1B334B23007E4654 /* turbojpeg.h */; };
		E287FF431B295C08005F5D56 /* org_openkinect_freenect2_Device.cpp in Sources */ = {isa = PBXBuildFile; fileRef = E2EC00B31B254B5E002AD63A /* org_openkinect_freenect2_Device.cpp */; };
		E287FF441B295C18005F5D56 /* JNILibfreenect2.cpp in Sources */ = {isa = PBXBuildFile; fileRef = E287FDFF1B289501005F5D56 /* JNILibfreenect2.cpp */; };
		E2BC4C9B1B2FCC4400E95658 /* resources.inc.h in Headers */ = {isa = PBXBuildFile; fileRef = E2BC4C9A1B2FCC4400E95658 /* resources.inc.h */; };
		E2BC4C9C1B2FD23B00E95658 /* turbo_jpeg_rgb_packet_processor.cpp in Sources */ = {isa = PBXBuildFile; fileRef = E2F1A56E1B2FBE4C00CC239C /* turbo_jpeg_rgb_packet_processor.cpp */; };
		E2BC4CA61B2FD62500E95658 /* GLKit.framework in Frameworks */ = {isa = PBXBuildFile; fileRef = E2BC4CA51B2FD62500E95658 /* GLKit.framework */; };
		E2BC4CC91B2FDB5B00E95658 /* transfer_pool.cpp in Sources */ = {isa = PBXBuildFile; fileRef = E2F1A56D1B2FBE4C00CC239C /* transfer_pool.cpp */; };
		E2BC4CCA1B2FDB6000E95658 /* usb_control.cpp in Sources */ = {isa = PBXBuildFile; fileRef = E2F1A56F1B2FBE4C00CC239C /* usb_control.cpp */; };
		E2BC4CCB1B2FDB6400E95658 /* tinythread.cpp in Sources */ = {isa = PBXBuildFile; fileRef = E2F1A56B1B2FBE4C00CC239C /* tinythread.cpp */; };
		E2BC4CCD1B2FDD0D00E95658 /* Cocoa.framework in Frameworks */ = {isa = PBXBuildFile; fileRef = E2BC4CCC1B2FDD0D00E95658 /* Cocoa.framework */; };
		E2BC4CCF1B2FDD2500E95658 /* CoreVideo.framework in Frameworks */ = {isa = PBXBuildFile; fileRef = E2BC4CCE1B2FDD2500E95658 /* CoreVideo.framework */; };
		E2F1A5751B2FBE8200CC239C /* ApplicationServices.framework in Frameworks */ = {isa = PBXBuildFile; fileRef = E2F1A5741B2FBE8200CC239C /* ApplicationServices.framework */; };
		E2F1A5771B2FBE8800CC239C /* IOKit.framework in Frameworks */ = {isa = PBXBuildFile; fileRef = E2F1A5761B2FBE8800CC239C /* IOKit.framework */; };
		E2F1A5791B2FBE9100CC239C /* CoreFoundation.framework in Frameworks */ = {isa = PBXBuildFile; fileRef = E2F1A5781B2FBE9100CC239C /* CoreFoundation.framework */; };
		E2F1A57B1B2FBE9600CC239C /* OpenCL.framework in Frameworks */ = {isa = PBXBuildFile; fileRef = E2F1A57A1B2FBE9600CC239C /* OpenCL.framework */; };
		E2F1A57D1B2FBF6E00CC239C /* rgb_packet_processor.cpp in Sources */ = {isa = PBXBuildFile; fileRef = E2F1A5601B2FBE4C00CC239C /* rgb_packet_processor.cpp */; };
		E2F1A57E1B2FBF7900CC239C /* command_transaction.cpp in Sources */ = {isa = PBXBuildFile; fileRef = E2F1A54E1B2FBE4C00CC239C /* command_transaction.cpp */; };
		E2F1A5801B2FBF7900CC239C /* depth_packet_processor.cpp in Sources */ = {isa = PBXBuildFile; fileRef = E2F1A5501B2FBE4C00CC239C /* depth_packet_processor.cpp */; };
		E2F1A5811B2FBF7900CC239C /* depth_packet_stream_parser.cpp in Sources */ = {isa = PBXBuildFile; fileRef = E2F1A5511B2FBE4C00CC239C /* depth_packet_stream_parser.cpp */; };
		E2F1A5821B2FBF7900CC239C /* double_buffer.cpp in Sources */ = {isa = PBXBuildFile; fileRef = E2F1A5521B2FBE4C00CC239C /* double_buffer.cpp */; };
		E2F1A5831B2FBF7900CC239C /* event_loop.cpp in Sources */ = {isa = PBXBuildFile; fileRef = E2F1A5531B2FBE4C00CC239C /* event_loop.cpp */; };
		E2F1A5841B2FBF8800CC239C /* frame_listener_impl.cpp in Sources */ = {isa = PBXBuildFile; fileRef = E2F1A5561B2FBE4C00CC239C /* frame_listener_impl.cpp */; };
		E2F1A5851B2FBF8800CC239C /* generate_resources.cpp in Sources */ = {isa = PBXBuildFile; fileRef = E2F1A5571B2FBE4C00CC239C /* generate_resources.cpp */; };
		E2F1A5861B2FBF8800CC239C /* libfreenect2.cpp in Sources */ = {isa = PBXBuildFile; fileRef = E2F1A5581B2FBE4C00CC239C /* libfreenect2.cpp */; };
		E2F1A5871B2FBF8F00CC239C /* opencl_depth_packet_processor.cpp in Sources */ = {isa = PBXBuildFile; fileRef = E2F1A55A1B2FBE4C00CC239C /* opencl_depth_packet_processor.cpp */; };
		E2F1A5891B2FBF8F00CC239C /* packet_pipeline.cpp in Sources */ = {isa = PBXBuildFile; fileRef = E2F1A55C1B2FBE4C00CC239C /* packet_pipeline.cpp */; };
		E2F1A58A1B2FBF8F00CC239C /* registration.cpp in Sources */ = {isa = PBXBuildFile; fileRef = E2F1A55D1B2FBE4C00CC239C /* registration.cpp */; };
		E2F1A58B1B2FBF8F00CC239C /* resource.cpp in Sources */ = {isa = PBXBuildFile; fileRef = E2F1A55E1B2FBE4C00CC239C /* resource.cpp */; };
		E2F1A58C1B2FBF9800CC239C /* rgb_packet_stream_parser.cpp in Sources */ = {isa = PBXBuildFile; fileRef = E2F1A5611B2FBE4C00CC239C /* rgb_packet_stream_parser.cpp */; };
		E2F1A5921B2FC2E000CC239C /* OpenGL.framework in Frameworks */ = {isa = PBXBuildFile; fileRef = E2F1A5911B2FC2E000CC239C /* OpenGL.framework */; };
/* End PBXBuildFile section */

/* Begin PBXFileReference section */
		E2785DAC1B334B23007E4654 /* turbojpeg.h */ = {isa = PBXFileReference; fileEncoding = 4; lastKnownFileType = sourcecode.c.h; path = turbojpeg.h; sourceTree = "<group>"; };
		E2785DAF1B334B23007E4654 /* libturbojpeg.dylib */ = {isa = PBXFileReference; lastKnownFileType = "compiled.mach-o.dylib"; path = libturbojpeg.dylib; sourceTree = "<group>"; };
		E287FDFF1B289501005F5D56 /* JNILibfreenect2.cpp */ = {isa = PBXFileReference; fileEncoding = 4; lastKnownFileType = sourcecode.cpp.cpp; name = JNILibfreenect2.cpp; path = ../src/JNILibfreenect2.cpp; sourceTree = "<group>"; };
		E287FE011B292206005F5D56 /* org_openkinect_freenect2_Device.h */ = {isa = PBXFileReference; lastKnownFileType = sourcecode.c.h; name = org_openkinect_freenect2_Device.h; path = ../src/org_openkinect_freenect2_Device.h; sourceTree = "<group>"; };
		E28BD2441B45FFB9007C6609 /* libturbojpeg.dylib */ = {isa = PBXFileReference; lastKnownFileType = "compiled.mach-o.dylib"; name = libturbojpeg.dylib; path = ../../../../openKinect2/library/libturbojpeg.dylib; sourceTree = "<group>"; };
		E2BC4C9A1B2FCC4400E95658 /* resources.inc.h */ = {isa = PBXFileReference; fileEncoding = 4; lastKnownFileType = sourcecode.c.h; path = resources.inc.h; sourceTree = "<group>"; };
		E2BC4CA51B2FD62500E95658 /* GLKit.framework */ = {isa = PBXFileReference; lastKnownFileType = wrapper.framework; name = GLKit.framework; path = System/Library/Frameworks/GLKit.framework; sourceTree = SDKROOT; };
		E2BC4CCC1B2FDD0D00E95658 /* Cocoa.framework */ = {isa = PBXFileReference; lastKnownFileType = wrapper.framework; name = Cocoa.framework; path = System/Library/Frameworks/Cocoa.framework; sourceTree = SDKROOT; };
		E2BC4CCE1B2FDD2500E95658 /* CoreVideo.framework */ = {isa = PBXFileReference; lastKnownFileType = wrapper.framework; name = CoreVideo.framework; path = System/Library/Frameworks/CoreVideo.framework; sourceTree = SDKROOT; };
		E2EC00881B254489002AD63A /* libJNILibfreenect2.dylib */ = {isa = PBXFileReference; explicitFileType = "compiled.mach-o.dylib"; includeInIndex = 0; path = libJNILibfreenect2.dylib; sourceTree = BUILT_PRODUCTS_DIR; };
		E2EC00B31B254B5E002AD63A /* org_openkinect_freenect2_Device.cpp */ = {isa = PBXFileReference; fileEncoding = 4; lastKnownFileType = sourcecode.cpp.cpp; name = org_openkinect_freenect2_Device.cpp; path = ../src/org_openkinect_freenect2_Device.cpp; sourceTree = "<group>"; };
		E2EC00B41B254B5E002AD63A /* JNILibfreenect2.h */ = {isa = PBXFileReference; fileEncoding = 4; lastKnownFileType = sourcecode.c.h; name = JNILibfreenect2.h; path = ../src/JNILibfreenect2.h; sourceTree = "<group>"; };
		E2F1A5191B2FBE4C00CC239C /* libfreenect2.h */ = {isa = PBXFileReference; lastKnownFileType = sourcecode.c.h; path = libfreenect2.h; sourceTree = "<group>"; };
		E2F1A51D1B2FBE4C00CC239C /* hotplug.h */ = {isa = PBXFileReference; lastKnownFileType = sourcecode.c.h; path = hotplug.h; sourceTree = "<group>"; };
		E2F1A51E1B2FBE4C00CC239C /* libusb.h */ = {isa = PBXFileReference; lastKnownFileType = sourcecode.c.h; path = libusb.h; sourceTree = "<group>"; };
		E2F1A51F1B2FBE4C00CC239C /* libusbi.h */ = {isa = PBXFileReference; lastKnownFileType = sourcecode.c.h; path = libusbi.h; sourceTree = "<group>"; };
		E2F1A5211B2FBE4C00CC239C /* darwin_usb.h */ = {isa = PBXFileReference; lastKnownFileType = sourcecode.c.h; path = darwin_usb.h; sourceTree = "<group>"; };
		E2F1A5221B2FBE4C00CC239C /* linux_usbfs.h */ = {isa = PBXFileReference; lastKnownFileType = sourcecode.c.h; path = linux_usbfs.h; sourceTree = "<group>"; };
		E2F1A5231B2FBE4C00CC239C /* poll_posix.h */ = {isa = PBXFileReference; lastKnownFileType = sourcecode.c.h; path = poll_posix.h; sourceTree = "<group>"; };
		E2F1A5241B2FBE4C00CC239C /* poll_windows.h */ = {isa = PBXFileReference; lastKnownFileType = sourcecode.c.h; path = poll_windows.h; sourceTree = "<group>"; };
		E2F1A5251B2FBE4C00CC239C /* threads_posix.h */ = {isa = PBXFileReference; lastKnownFileType = sourcecode.c.h; path = threads_posix.h; sourceTree = "<group>"; };
		E2F1A5261B2FBE4C00CC239C /* threads_windows.h */ = {isa = PBXFileReference; lastKnownFileType = sourcecode.c.h; path = threads_windows.h; sourceTree = "<group>"; };
		E2F1A5271B2FBE4C00CC239C /* wince_usb.h */ = {isa = PBXFileReference; lastKnownFileType = sourcecode.c.h; path = wince_usb.h; sourceTree = "<group>"; };
		E2F1A5281B2FBE4C00CC239C /* windows_common.h */ = {isa = PBXFileReference; lastKnownFileType = sourcecode.c.h; path = windows_common.h; sourceTree = "<group>"; };
		E2F1A5291B2FBE4C00CC239C /* windows_usb.h */ = {isa = PBXFileReference; lastKnownFileType = sourcecode.c.h; path = windows_usb.h; sourceTree = "<group>"; };
		E2F1A52A1B2FBE4C00CC239C /* version.h */ = {isa = PBXFileReference; lastKnownFileType = sourcecode.c.h; path = version.h; sourceTree = "<group>"; };
		E2F1A52B1B2FBE4C00CC239C /* version_nano.h */ = {isa = PBXFileReference; lastKnownFileType = sourcecode.c.h; path = version_nano.h; sourceTree = "<group>"; };
		E2F1A52E1B2FBE4C00CC239C /* usb-1.0.0-superspeed.a */ = {isa = PBXFileReference; lastKnownFileType = archive.ar; path = "usb-1.0.0-superspeed.a"; sourceTree = "<group>"; };
		E2F1A5321B2FBE4C00CC239C /* async_packet_processor.h */ = {isa = PBXFileReference; lastKnownFileType = sourcecode.c.h; path = async_packet_processor.h; sourceTree = "<group>"; };
		E2F1A5331B2FBE4C00CC239C /* config.h */ = {isa = PBXFileReference; lastKnownFileType = sourcecode.c.h; path = config.h; sourceTree = "<group>"; };
		E2F1A5341B2FBE4C00CC239C /* config.h.in */ = {isa = PBXFileReference; lastKnownFileType = text; path = config.h.in; sourceTree = "<group>"; };
		E2F1A5351B2FBE4C00CC239C /* data_callback.h */ = {isa = PBXFileReference; lastKnownFileType = sourcecode.c.h; path = data_callback.h; sourceTree = "<group>"; };
		E2F1A5361B2FBE4C00CC239C /* depth_packet_processor.h */ = {isa = PBXFileReference; lastKnownFileType = sourcecode.c.h; path = depth_packet_processor.h; sourceTree = "<group>"; };
		E2F1A5371B2FBE4C00CC239C /* depth_packet_stream_parser.h */ = {isa = PBXFileReference; lastKnownFileType = sourcecode.c.h; path = depth_packet_stream_parser.h; sourceTree = "<group>"; };
		E2F1A5381B2FBE4C00CC239C /* double_buffer.h */ = {isa = PBXFileReference; lastKnownFileType = sourcecode.c.h; path = double_buffer.h; sourceTree = "<group>"; };
		E2F1A5391B2FBE4C00CC239C /* frame_listener.hpp */ = {isa = PBXFileReference; lastKnownFileType = sourcecode.cpp.h; path = frame_listener.hpp; sourceTree = "<group>"; };
		E2F1A53A1B2FBE4C00CC239C /* frame_listener_impl.h */ = {isa = PBXFileReference; lastKnownFileType = sourcecode.c.h; path = frame_listener_impl.h; sourceTree = "<group>"; };
		E2F1A53B1B2FBE4C00CC239C /* libfreenect2.hpp */ = {isa = PBXFileReference; lastKnownFileType = sourcecode.cpp.h; path = libfreenect2.hpp; sourceTree = "<group>"; };
		E2F1A53C1B2FBE4C00CC239C /* packet_pipeline.h */ = {isa = PBXFileReference; lastKnownFileType = sourcecode.c.h; path = packet_pipeline.h; sourceTree = "<group>"; };
		E2F1A53D1B2FBE4C00CC239C /* packet_processor.h */ = {isa = PBXFileReference; lastKnownFileType = sourcecode.c.h; path = packet_processor.h; sourceTree = "<group>"; };
		E2F1A53F1B2FBE4C00CC239C /* command.h */ = {isa = PBXFileReference; lastKnownFileType = sourcecode.c.h; path = command.h; sourceTree = "<group>"; };
		E2F1A5401B2FBE4C00CC239C /* command_transaction.h */ = {isa = PBXFileReference; lastKnownFileType = sourcecode.c.h; path = command_transaction.h; sourceTree = "<group>"; };
		E2F1A5411B2FBE4C00CC239C /* response.h */ = {isa = PBXFileReference; lastKnownFileType = sourcecode.c.h; path = response.h; sourceTree = "<group>"; };
		E2F1A5421B2FBE4C00CC239C /* usb_control.h */ = {isa = PBXFileReference; lastKnownFileType = sourcecode.c.h; path = usb_control.h; sourceTree = "<group>"; };
		E2F1A5431B2FBE4C00CC239C /* registration.h */ = {isa = PBXFileReference; lastKnownFileType = sourcecode.c.h; path = registration.h; sourceTree = "<group>"; };
		E2F1A5441B2FBE4C00CC239C /* resource.h */ = {isa = PBXFileReference; lastKnownFileType = sourcecode.c.h; path = resource.h; sourceTree = "<group>"; };
		E2F1A5451B2FBE4C00CC239C /* rgb_packet_processor.h */ = {isa = PBXFileReference; lastKnownFileType = sourcecode.c.h; path = rgb_packet_processor.h; sourceTree = "<group>"; };
		E2F1A5461B2FBE4C00CC239C /* rgb_packet_stream_parser.h */ = {isa = PBXFileReference; lastKnownFileType = sourcecode.c.h; path = rgb_packet_stream_parser.h; sourceTree = "<group>"; };
		E2F1A5471B2FBE4C00CC239C /* threading.h */ = {isa = PBXFileReference; lastKnownFileType = sourcecode.c.h; path = threading.h; sourceTree = "<group>"; };
		E2F1A5491B2FBE4C00CC239C /* event_loop.h */ = {isa = PBXFileReference; lastKnownFileType = sourcecode.c.h; path = event_loop.h; sourceTree = "<group>"; };
		E2F1A54A1B2FBE4C00CC239C /* transfer_pool.h */ = {isa = PBXFileReference; lastKnownFileType = sourcecode.c.h; path = transfer_pool.h; sourceTree = "<group>"; };
		E2F1A54E1B2FBE4C00CC239C /* command_transaction.cpp */ = {isa = PBXFileReference; lastKnownFileType = sourcecode.cpp.cpp; path = command_transaction.cpp; sourceTree = "<group>"; };
		E2F1A5501B2FBE4C00CC239C /* depth_packet_processor.cpp */ = {isa = PBXFileReference; lastKnownFileType = sourcecode.cpp.cpp; path = depth_packet_processor.cpp; sourceTree = "<group>"; };
		E2F1A5511B2FBE4C00CC239C /* depth_packet_stream_parser.cpp */ = {isa = PBXFileReference; lastKnownFileType = sourcecode.cpp.cpp; path = depth_packet_stream_parser.cpp; sourceTree = "<group>"; };
		E2F1A5521B2FBE4C00CC239C /* double_buffer.cpp */ = {isa = PBXFileReference; lastKnownFileType = sourcecode.cpp.cpp; path = double_buffer.cpp; sourceTree = "<group>"; };
		E2F1A5531B2FBE4C00CC239C /* event_loop.cpp */ = {isa = PBXFileReference; lastKnownFileType = sourcecode.cpp.cpp; path = event_loop.cpp; sourceTree = "<group>"; };
		E2F1A5561B2FBE4C00CC239C /* frame_listener_impl.cpp */ = {isa = PBXFileReference; lastKnownFileType = sourcecode.cpp.cpp; path = frame_listener_impl.cpp; sourceTree = "<group>"; };
		E2F1A5571B2FBE4C00CC239C /* generate_resources.cpp */ = {isa = PBXFileReference; lastKnownFileType = sourcecode.cpp.cpp; path = generate_resources.cpp; sourceTree = "<group>"; };
		E2F1A5581B2FBE4C00CC239C /* libfreenect2.cpp */ = {isa = PBXFileReference; lastKnownFileType = sourcecode.cpp.cpp; path = libfreenect2.cpp; sourceTree = "<group>"; };
		E2F1A5591B2FBE4C00CC239C /* opencl_depth_packet_processor.cl */ = {isa = PBXFileReference; lastKnownFileType = sourcecode.opencl; path = opencl_depth_packet_processor.cl; sourceTree = "<group>"; };
		E2F1A55A1B2FBE4C00CC239C /* opencl_depth_packet_processor.cpp */ = {isa = PBXFileReference; lastKnownFileType = sourcecode.cpp.cpp; path = opencl_depth_packet_processor.cpp; sourceTree = "<group>"; };
		E2F1A55C1B2FBE4C00CC239C /* packet_pipeline.cpp */ = {isa = PBXFileReference; lastKnownFileType = sourcecode.cpp.cpp; path = packet_pipeline.cpp; sourceTree = "<group>"; };
		E2F1A55D1B2FBE4C00CC239C /* registration.cpp */ = {isa = PBXFileReference; lastKnownFileType = sourcecode.cpp.cpp; path = registration.cpp; sourceTree = "<group>"; };
		E2F1A55E1B2FBE4C00CC239C /* resource.cpp */ = {isa = PBXFileReference; lastKnownFileType = sourcecode.cpp.cpp; path = resource.cpp; sourceTree = "<group>"; };
		E2F1A5601B2FBE4C00CC239C /* rgb_packet_processor.cpp */ = {isa = PBXFileReference; lastKnownFileType = sourcecode.cpp.cpp; path = rgb_packet_processor.cpp; sourceTree = "<group>"; };
		E2F1A5611B2FBE4C00CC239C /* rgb_packet_stream_parser.cpp */ = {isa = PBXFileReference; lastKnownFileType = sourcecode.cpp.cpp; path = rgb_packet_stream_parser.cpp; sourceTree = "<group>"; };
		E2F1A5631B2FBE4C00CC239C /* debug.fs */ = {isa = PBXFileReference; lastKnownFileType = sourcecode.glsl; path = debug.fs; sourceTree = "<group>"; };
		E2F1A5641B2FBE4C00CC239C /* default.vs */ = {isa = PBXFileReference; lastKnownFileType = sourcecode.glsl; path = default.vs; sourceTree = "<group>"; };
		E2F1A5651B2FBE4C00CC239C /* filter1.fs */ = {isa = PBXFileReference; lastKnownFileType = sourcecode.glsl; path = filter1.fs; sourceTree = "<group>"; };
		E2F1A5661B2FBE4C00CC239C /* filter2.fs */ = {isa = PBXFileReference; lastKnownFileType = sourcecode.glsl; path = filter2.fs; sourceTree = "<group>"; };
		E2F1A5671B2FBE4C00CC239C /* stage1.fs */ = {isa = PBXFileReference; lastKnownFileType = sourcecode.glsl; path = stage1.fs; sourceTree = "<group>"; };
		E2F1A5681B2FBE4C00CC239C /* stage2.fs */ = {isa = PBXFileReference; lastKnownFileType = sourcecode.glsl; path = stage2.fs; sourceTree = "<group>"; };
		E2F1A56B1B2FBE4C00CC239C /* tinythread.cpp */ = {isa = PBXFileReference; lastKnownFileType = sourcecode.cpp.cpp; path = tinythread.cpp; sourceTree = "<group>"; };
		E2F1A56C1B2FBE4C00CC239C /* tinythread.h */ = {isa = PBXFileReference; lastKnownFileType = sourcecode.c.h; path = tinythread.h; sourceTree = "<group>"; };
		E2F1A56D1B2FBE4C00CC239C /* transfer_pool.cpp */ = {isa = PBXFileReference; lastKnownFileType = sourcecode.cpp.cpp; path = transfer_pool.cpp; sourceTree = "<group>"; };
		E2F1A56E1B2FBE4C00CC239C /* turbo_jpeg_rgb_packet_processor.cpp */ = {isa = PBXFileReference; lastKnownFileType = sourcecode.cpp.cpp; path = turbo_jpeg_rgb_packet_processor.cpp; sourceTree = "<group>"; };
		E2F1A56F1B2FBE4C00CC239C /* usb_control.cpp */ = {isa = PBXFileReference; lastKnownFileType = sourcecode.cpp.cpp; path = usb_control.cpp; sourceTree = "<group>"; };
		E2F1A5741B2FBE8200CC239C /* ApplicationServices.framework */ = {isa = PBXFileReference; lastKnownFileType = wrapper.framework; name = ApplicationServices.framework; path = System/Library/Frameworks/ApplicationServices.framework; sourceTree = SDKROOT; };
		E2F1A5761B2FBE8800CC239C /* IOKit.framework */ = {isa = PBXFileReference; lastKnownFileType = wrapper.framework; name = IOKit.framework; path = System/Library/Frameworks/IOKit.framework; sourceTree = SDKROOT; };
		E2F1A5781B2FBE9100CC239C /* CoreFoundation.framework */ = {isa = PBXFileReference; lastKnownFileType = wrapper.framework; name = CoreFoundation.framework; path = System/Library/Frameworks/CoreFoundation.framework; sourceTree = SDKROOT; };
		E2F1A57A1B2FBE9600CC239C /* OpenCL.framework */ = {isa = PBXFileReference; lastKnownFileType = wrapper.framework; name = OpenCL.framework; path = System/Library/Frameworks/OpenCL.framework; sourceTree = SDKROOT; };
		E2F1A5911B2FC2E000CC239C /* OpenGL.framework */ = {isa = PBXFileReference; lastKnownFileType = wrapper.framework; name = OpenGL.framework; path = System/Library/Frameworks/OpenGL.framework; sourceTree = SDKROOT; };
		E2F1A5941B2FC4FE00CC239C /* cl.hpp */ = {isa = PBXFileReference; lastKnownFileType = sourcecode.cpp.h; path = cl.hpp; sourceTree = "<group>"; };
/* End PBXFileReference section */

/* Begin PBXFrameworksBuildPhase section */
		E2EC00851B254489002AD63A /* Frameworks */ = {
			isa = PBXFrameworksBuildPhase;
			buildActionMask = 2147483647;
			files = (
				E23D3D691B462FDF00E7DC1B /* libturbojpeg.dylib in Frameworks */,
				E2BC4CCF1B2FDD2500E95658 /* CoreVideo.framework in Frameworks */,
				E2BC4CCD1B2FDD0D00E95658 /* Cocoa.framework in Frameworks */,
				E2BC4CA61B2FD62500E95658 /* GLKit.framework in Frameworks */,
				E2F1A5921B2FC2E000CC239C /* OpenGL.framework in Frameworks */,
				E2F1A57B1B2FBE9600CC239C /* OpenCL.framework in Frameworks */,
				E2F1A5791B2FBE9100CC239C /* CoreFoundation.framework in Frameworks */,
				E2F1A5771B2FBE8800CC239C /* IOKit.framework in Frameworks */,
				E2F1A5751B2FBE8200CC239C /* ApplicationServices.framework in Frameworks */,
			);
			runOnlyForDeploymentPostprocessing = 0;
		};
/* End PBXFrameworksBuildPhase section */

/* Begin PBXGroup section */
		E2785DAA1B334B23007E4654 /* libTurboJpeg */ = {
			isa = PBXGroup;
			children = (
				E2785DAB1B334B23007E4654 /* include */,
				E2785DAD1B334B23007E4654 /* lib */,
			);
			name = libTurboJpeg;
			path = ../libs/libTurboJpeg;
			sourceTree = "<group>";
		};
		E2785DAB1B334B23007E4654 /* include */ = {
			isa = PBXGroup;
			children = (
				E2785DAC1B334B23007E4654 /* turbojpeg.h */,
			);
			path = include;
			sourceTree = "<group>";
		};
		E2785DAD1B334B23007E4654 /* lib */ = {
			isa = PBXGroup;
			children = (
				E2785DAE1B334B23007E4654 /* osx */,
			);
			path = lib;
			sourceTree = "<group>";
		};
		E2785DAE1B334B23007E4654 /* osx */ = {
			isa = PBXGroup;
			children = (
				E2785DAF1B334B23007E4654 /* libturbojpeg.dylib */,
			);
			path = osx;
			sourceTree = "<group>";
		};
		E2EC007F1B254489002AD63A = {
			isa = PBXGroup;
			children = (
				E2EC00B21B254B52002AD63A /* src */,
				E2F1A5161B2FBDC500CC239C /* libs */,
				E2F1A5151B2FBDA800CC239C /* Frameworks */,
				E2EC00891B254489002AD63A /* Products */,
			);
			sourceTree = "<group>";
		};
		E2EC00891B254489002AD63A /* Products */ = {
			isa = PBXGroup;
			children = (
				E2EC00881B254489002AD63A /* libJNILibfreenect2.dylib */,
			);
			name = Products;
			sourceTree = "<group>";
		};
		E2EC00B21B254B52002AD63A /* src */ = {
			isa = PBXGroup;
			children = (
				E2EC00B31B254B5E002AD63A /* org_openkinect_freenect2_Device.cpp */,
				E287FE011B292206005F5D56 /* org_openkinect_freenect2_Device.h */,
				E2EC00B41B254B5E002AD63A /* JNILibfreenect2.h */,
				E287FDFF1B289501005F5D56 /* JNILibfreenect2.cpp */,
			);
			name = src;
			sourceTree = "<group>";
		};
		E2F1A5151B2FBDA800CC239C /* Frameworks */ = {
			isa = PBXGroup;
			children = (
				E28BD2441B45FFB9007C6609 /* libturbojpeg.dylib */,
				E2BC4CCE1B2FDD2500E95658 /* CoreVideo.framework */,
				E2BC4CCC1B2FDD0D00E95658 /* Cocoa.framework */,
				E2BC4CA51B2FD62500E95658 /* GLKit.framework */,
				E2F1A5911B2FC2E000CC239C /* OpenGL.framework */,
				E2F1A57A1B2FBE9600CC239C /* OpenCL.framework */,
				E2F1A5781B2FBE9100CC239C /* CoreFoundation.framework */,
				E2F1A5761B2FBE8800CC239C /* IOKit.framework */,
				E2F1A5741B2FBE8200CC239C /* ApplicationServices.framework */,
			);
			name = Frameworks;
			path = JNILibfreenect2.xcodeproj;
			sourceTree = "<group>";
		};
		E2F1A5161B2FBDC500CC239C /* libs */ = {
			isa = PBXGroup;
			children = (
				E2785DAA1B334B23007E4654 /* libTurboJpeg */,
				E2F1A5171B2FBE4C00CC239C /* libfreenect2 */,
				E2F1A51A1B2FBE4C00CC239C /* libusb */,
				E2F1A52F1B2FBE4C00CC239C /* protonect */,
			);
			name = libs;
			sourceTree = "<group>";
		};
		E2F1A5171B2FBE4C00CC239C /* libfreenect2 */ = {
			isa = PBXGroup;
			children = (
				E2F1A5181B2FBE4C00CC239C /* include */,
			);
			name = libfreenect2;
			path = ../libs/libfreenect2;
			sourceTree = "<group>";
		};
		E2F1A5181B2FBE4C00CC239C /* include */ = {
			isa = PBXGroup;
			children = (
				E2F1A5191B2FBE4C00CC239C /* libfreenect2.h */,
			);
			path = include;
			sourceTree = "<group>";
		};
		E2F1A51A1B2FBE4C00CC239C /* libusb */ = {
			isa = PBXGroup;
			children = (
				E2F1A51B1B2FBE4C00CC239C /* include */,
				E2F1A52C1B2FBE4C00CC239C /* lib */,
			);
			name = libusb;
			path = ../libs/libusb;
			sourceTree = "<group>";
		};
		E2F1A51B1B2FBE4C00CC239C /* include */ = {
			isa = PBXGroup;
			children = (
				E2F1A51C1B2FBE4C00CC239C /* libusb */,
			);
			path = include;
			sourceTree = "<group>";
		};
		E2F1A51C1B2FBE4C00CC239C /* libusb */ = {
			isa = PBXGroup;
			children = (
				E2F1A51D1B2FBE4C00CC239C /* hotplug.h */,
				E2F1A51E1B2FBE4C00CC239C /* libusb.h */,
				E2F1A51F1B2FBE4C00CC239C /* libusbi.h */,
				E2F1A5201B2FBE4C00CC239C /* os */,
				E2F1A52A1B2FBE4C00CC239C /* version.h */,
				E2F1A52B1B2FBE4C00CC239C /* version_nano.h */,
			);
			path = libusb;
			sourceTree = "<group>";
		};
		E2F1A5201B2FBE4C00CC239C /* os */ = {
			isa = PBXGroup;
			children = (
				E2F1A5211B2FBE4C00CC239C /* darwin_usb.h */,
				E2F1A5221B2FBE4C00CC239C /* linux_usbfs.h */,
				E2F1A5231B2FBE4C00CC239C /* poll_posix.h */,
				E2F1A5241B2FBE4C00CC239C /* poll_windows.h */,
				E2F1A5251B2FBE4C00CC239C /* threads_posix.h */,
				E2F1A5261B2FBE4C00CC239C /* threads_windows.h */,
				E2F1A5271B2FBE4C00CC239C /* wince_usb.h */,
				E2F1A5281B2FBE4C00CC239C /* windows_common.h */,
				E2F1A5291B2FBE4C00CC239C /* windows_usb.h */,
			);
			path = os;
			sourceTree = "<group>";
		};
		E2F1A52C1B2FBE4C00CC239C /* lib */ = {
			isa = PBXGroup;
			children = (
				E2F1A52D1B2FBE4C00CC239C /* osx */,
			);
			path = lib;
			sourceTree = "<group>";
		};
		E2F1A52D1B2FBE4C00CC239C /* osx */ = {
			isa = PBXGroup;
			children = (
				E2F1A52E1B2FBE4C00CC239C /* usb-1.0.0-superspeed.a */,
			);
			path = osx;
			sourceTree = "<group>";
		};
		E2F1A52F1B2FBE4C00CC239C /* protonect */ = {
			isa = PBXGroup;
			children = (
				E2F1A5301B2FBE4C00CC239C /* include */,
				E2F1A54D1B2FBE4C00CC239C /* src */,
			);
			name = protonect;
			path = ../libs/protonect;
			sourceTree = "<group>";
		};
		E2F1A5301B2FBE4C00CC239C /* include */ = {
			isa = PBXGroup;
			children = (
				E2F1A5931B2FC4FE00CC239C /* OpenCL */,
				E2F1A5311B2FBE4C00CC239C /* libfreenect2 */,
			);
			path = include;
			sourceTree = "<group>";
		};
		E2F1A5311B2FBE4C00CC239C /* libfreenect2 */ = {
			isa = PBXGroup;
			children = (
				E2F1A5321B2FBE4C00CC239C /* async_packet_processor.h */,
				E2F1A5331B2FBE4C00CC239C /* config.h */,
				E2F1A5341B2FBE4C00CC239C /* config.h.in */,
				E2F1A5351B2FBE4C00CC239C /* data_callback.h */,
				E2F1A5361B2FBE4C00CC239C /* depth_packet_processor.h */,
				E2F1A5371B2FBE4C00CC239C /* depth_packet_stream_parser.h */,
				E2F1A5381B2FBE4C00CC239C /* double_buffer.h */,
				E2F1A5391B2FBE4C00CC239C /* frame_listener.hpp */,
				E2F1A53A1B2FBE4C00CC239C /* frame_listener_impl.h */,
				E2F1A53B1B2FBE4C00CC239C /* libfreenect2.hpp */,
				E2F1A53C1B2FBE4C00CC239C /* packet_pipeline.h */,
				E2F1A53D1B2FBE4C00CC239C /* packet_processor.h */,
				E2F1A53E1B2FBE4C00CC239C /* protocol */,
				E2F1A5431B2FBE4C00CC239C /* registration.h */,
				E2F1A5441B2FBE4C00CC239C /* resource.h */,
				E2F1A5451B2FBE4C00CC239C /* rgb_packet_processor.h */,
				E2F1A5461B2FBE4C00CC239C /* rgb_packet_stream_parser.h */,
				E2F1A5471B2FBE4C00CC239C /* threading.h */,
				E2F1A5481B2FBE4C00CC239C /* usb */,
			);
			path = libfreenect2;
			sourceTree = "<group>";
		};
		E2F1A53E1B2FBE4C00CC239C /* protocol */ = {
			isa = PBXGroup;
			children = (
				E2F1A53F1B2FBE4C00CC239C /* command.h */,
				E2F1A5401B2FBE4C00CC239C /* command_transaction.h */,
				E2F1A5411B2FBE4C00CC239C /* response.h */,
				E2F1A5421B2FBE4C00CC239C /* usb_control.h */,
			);
			path = protocol;
			sourceTree = "<group>";
		};
		E2F1A5481B2FBE4C00CC239C /* usb */ = {
			isa = PBXGroup;
			children = (
				E2F1A5491B2FBE4C00CC239C /* event_loop.h */,
				E2F1A54A1B2FBE4C00CC239C /* transfer_pool.h */,
			);
			path = usb;
			sourceTree = "<group>";
		};
		E2F1A54D1B2FBE4C00CC239C /* src */ = {
			isa = PBXGroup;
			children = (
				E2BC4C9A1B2FCC4400E95658 /* resources.inc.h */,
				E2F1A54E1B2FBE4C00CC239C /* command_transaction.cpp */,
				E2F1A5501B2FBE4C00CC239C /* depth_packet_processor.cpp */,
				E2F1A5511B2FBE4C00CC239C /* depth_packet_stream_parser.cpp */,
				E2F1A5521B2FBE4C00CC239C /* double_buffer.cpp */,
				E2F1A5531B2FBE4C00CC239C /* event_loop.cpp */,
				E2F1A5561B2FBE4C00CC239C /* frame_listener_impl.cpp */,
				E2F1A5571B2FBE4C00CC239C /* generate_resources.cpp */,
				E2F1A5581B2FBE4C00CC239C /* libfreenect2.cpp */,
				E2F1A5591B2FBE4C00CC239C /* opencl_depth_packet_processor.cl */,
				E2F1A55A1B2FBE4C00CC239C /* opencl_depth_packet_processor.cpp */,
				E2F1A55C1B2FBE4C00CC239C /* packet_pipeline.cpp */,
				E2F1A55D1B2FBE4C00CC239C /* registration.cpp */,
				E2F1A55E1B2FBE4C00CC239C /* resource.cpp */,
				E2F1A5601B2FBE4C00CC239C /* rgb_packet_processor.cpp */,
				E2F1A5611B2FBE4C00CC239C /* rgb_packet_stream_parser.cpp */,
				E2F1A5621B2FBE4C00CC239C /* shader */,
				E2F1A56A1B2FBE4C00CC239C /* tinythread */,
				E2F1A56D1B2FBE4C00CC239C /* transfer_pool.cpp */,
				E2F1A56E1B2FBE4C00CC239C /* turbo_jpeg_rgb_packet_processor.cpp */,
				E2F1A56F1B2FBE4C00CC239C /* usb_control.cpp */,
			);
			path = src;
			sourceTree = "<group>";
		};
		E2F1A5621B2FBE4C00CC239C /* shader */ = {
			isa = PBXGroup;
			children = (
				E2F1A5631B2FBE4C00CC239C /* debug.fs */,
				E2F1A5641B2FBE4C00CC239C /* default.vs */,
				E2F1A5651B2FBE4C00CC239C /* filter1.fs */,
				E2F1A5661B2FBE4C00CC239C /* filter2.fs */,
				E2F1A5671B2FBE4C00CC239C /* stage1.fs */,
				E2F1A5681B2FBE4C00CC239C /* stage2.fs */,
			);
			path = shader;
			sourceTree = "<group>";
		};
		E2F1A56A1B2FBE4C00CC239C /* tinythread */ = {
			isa = PBXGroup;
			children = (
				E2F1A56B1B2FBE4C00CC239C /* tinythread.cpp */,
				E2F1A56C1B2FBE4C00CC239C /* tinythread.h */,
			);
			path = tinythread;
			sourceTree = "<group>";
		};
		E2F1A5931B2FC4FE00CC239C /* OpenCL */ = {
			isa = PBXGroup;
			children = (
				E2F1A5941B2FC4FE00CC239C /* cl.hpp */,
			);
			path = OpenCL;
			sourceTree = "<group>";
		};
/* End PBXGroup section */

/* Begin PBXHeadersBuildPhase section */
		E2EC00861B254489002AD63A /* Headers */ = {
			isa = PBXHeadersBuildPhase;
			buildActionMask = 2147483647;
			files = (
				E2785DB01B334B23007E4654 /* turbojpeg.h in Headers */,
				E2BC4C9B1B2FCC4400E95658 /* resources.inc.h in Headers */,
			);
			runOnlyForDeploymentPostprocessing = 0;
		};
/* End PBXHeadersBuildPhase section */

/* Begin PBXNativeTarget section */
		E2EC00871B254489002AD63A /* JNILibfreenect2 */ = {
			isa = PBXNativeTarget;
			buildConfigurationList = E2EC00931B254489002AD63A /* Build configuration list for PBXNativeTarget "JNILibfreenect2" */;
			buildPhases = (
				E2EC00841B254489002AD63A /* Sources */,
				E2EC00851B254489002AD63A /* Frameworks */,
				E2EC00861B254489002AD63A /* Headers */,
			);
			buildRules = (
			);
			dependencies = (
			);
			name = JNILibfreenect2;
			productName = JNILibfreenect2;
			productReference = E2EC00881B254489002AD63A /* libJNILibfreenect2.dylib */;
			productType = "com.apple.product-type.library.dynamic";
		};
/* End PBXNativeTarget section */

/* Begin PBXProject section */
		E2EC00801B254489002AD63A /* Project object */ = {
			isa = PBXProject;
			attributes = {
				LastUpgradeCheck = 0630;
				ORGANIZATIONNAME = tom;
				TargetAttributes = {
					E2EC00871B254489002AD63A = {
						CreatedOnToolsVersion = 6.3.1;
					};
				};
			};
			buildConfigurationList = E2EC00831B254489002AD63A /* Build configuration list for PBXProject "JNILibfreenect2" */;
			compatibilityVersion = "Xcode 3.2";
			developmentRegion = English;
			hasScannedForEncodings = 0;
			knownRegions = (
				en,
			);
			mainGroup = E2EC007F1B254489002AD63A;
			productRefGroup = E2EC00891B254489002AD63A /* Products */;
			projectDirPath = "";
			projectRoot = "";
			targets = (
				E2EC00871B254489002AD63A /* JNILibfreenect2 */,
			);
		};
/* End PBXProject section */

/* Begin PBXSourcesBuildPhase section */
		E2EC00841B254489002AD63A /* Sources */ = {
			isa = PBXSourcesBuildPhase;
			buildActionMask = 2147483647;
			files = (
				E2BC4CCB1B2FDB6400E95658 /* tinythread.cpp in Sources */,
				E2BC4CCA1B2FDB6000E95658 /* usb_control.cpp in Sources */,
				E2BC4CC91B2FDB5B00E95658 /* transfer_pool.cpp in Sources */,
				E2BC4C9C1B2FD23B00E95658 /* turbo_jpeg_rgb_packet_processor.cpp in Sources */,
				E2F1A58C1B2FBF9800CC239C /* rgb_packet_stream_parser.cpp in Sources */,
				E2F1A5871B2FBF8F00CC239C /* opencl_depth_packet_processor.cpp in Sources */,
				E2F1A5891B2FBF8F00CC239C /* packet_pipeline.cpp in Sources */,
				E2F1A58A1B2FBF8F00CC239C /* registration.cpp in Sources */,
				E2F1A58B1B2FBF8F00CC239C /* resource.cpp in Sources */,
				E2F1A5841B2FBF8800CC239C /* frame_listener_impl.cpp in Sources */,
				E2F1A5851B2FBF8800CC239C /* generate_resources.cpp in Sources */,
				E2F1A5861B2FBF8800CC239C /* libfreenect2.cpp in Sources */,
				E2F1A57E1B2FBF7900CC239C /* command_transaction.cpp in Sources */,
				E2F1A5801B2FBF7900CC239C /* depth_packet_processor.cpp in Sources */,
				E2F1A5811B2FBF7900CC239C /* depth_packet_stream_parser.cpp in Sources */,
				E2F1A5821B2FBF7900CC239C /* double_buffer.cpp in Sources */,
				E2F1A5831B2FBF7900CC239C /* event_loop.cpp in Sources */,
				E2F1A57D1B2FBF6E00CC239C /* rgb_packet_processor.cpp in Sources */,
				E287FF441B295C18005F5D56 /* JNILibfreenect2.cpp in Sources */,
				E287FF431B295C08005F5D56 /* org_openkinect_freenect2_Device.cpp in Sources */,
			);
			runOnlyForDeploymentPostprocessing = 0;
		};
/* End PBXSourcesBuildPhase section */

/* Begin XCBuildConfiguration section */
		E2EC00911B254489002AD63A /* Debug */ = {
			isa = XCBuildConfiguration;
			buildSettings = {
				ALWAYS_SEARCH_USER_PATHS = NO;
				ARCHS = "$(ARCHS_STANDARD_32_64_BIT)";
				CLANG_CXX_LANGUAGE_STANDARD = "compiler-default";
				CLANG_CXX_LIBRARY = "libstdc++";
				CLANG_ENABLE_MODULES = YES;
				CLANG_ENABLE_OBJC_ARC = YES;
				CLANG_WARN_BOOL_CONVERSION = YES;
				CLANG_WARN_CONSTANT_CONVERSION = YES;
				CLANG_WARN_DIRECT_OBJC_ISA_USAGE = YES_ERROR;
				CLANG_WARN_EMPTY_BODY = YES;
				CLANG_WARN_ENUM_CONVERSION = YES;
				CLANG_WARN_INT_CONVERSION = YES;
				CLANG_WARN_OBJC_ROOT_CLASS = YES_ERROR;
				CLANG_WARN_UNREACHABLE_CODE = YES;
				CLANG_WARN__DUPLICATE_METHOD_MATCH = YES;
				CONFIGURATION_BUILD_DIR = "$(BUILD_DIR)";
				COPY_PHASE_STRIP = NO;
				DEBUG_INFORMATION_FORMAT = dwarf;
				ENABLE_STRICT_OBJC_MSGSEND = YES;
				GCC_C_LANGUAGE_STANDARD = "compiler-default";
				GCC_DYNAMIC_NO_PIC = NO;
				GCC_NO_COMMON_BLOCKS = YES;
				GCC_OPTIMIZATION_LEVEL = 0;
				GCC_PREPROCESSOR_DEFINITIONS = (
					"DEBUG=1",
					"$(inherited)",
				);
				GCC_SYMBOLS_PRIVATE_EXTERN = NO;
				GCC_WARN_64_TO_32_BIT_CONVERSION = YES;
				GCC_WARN_ABOUT_RETURN_TYPE = YES_ERROR;
				GCC_WARN_UNDECLARED_SELECTOR = YES;
				GCC_WARN_UNINITIALIZED_AUTOS = YES_AGGRESSIVE;
				GCC_WARN_UNUSED_FUNCTION = YES;
				GCC_WARN_UNUSED_VARIABLE = YES;
				HEADER_SEARCH_PATHS = (
					"$(inherited)",
					/Applications/Xcode.app/Contents/Developer/Toolchains/XcodeDefault.xctoolchain/usr/include,
					/System/Library/Frameworks/JavaVM.framework/Headers,
				);
				INSTALL_PATH = "";
				LIBRARY_SEARCH_PATHS = (
					/System/Library/Frameworks/JavaVM.framework/Libraries,
					../libs/libusb/lib/osx,
					../libs,
					../libs/libusb,
					../libs/libTurboJpeg/include,
				);
				MACOSX_DEPLOYMENT_TARGET = 10.9;
				MTL_ENABLE_DEBUG_INFO = YES;
				ONLY_ACTIVE_ARCH = NO;
				OTHER_LDFLAGS = "";
				SDKROOT = macosx10.10;
				SYMROOT = ../../openKinectv2/lib;
				USER_HEADER_SEARCH_PATHS = "";
			};
			name = Debug;
		};
		E2EC00921B254489002AD63A /* Release */ = {
			isa = XCBuildConfiguration;
			buildSettings = {
				ALWAYS_SEARCH_USER_PATHS = NO;
				ARCHS = "$(ARCHS_STANDARD_32_64_BIT)";
				CLANG_CXX_LANGUAGE_STANDARD = "compiler-default";
				CLANG_CXX_LIBRARY = "libstdc++";
				CLANG_ENABLE_MODULES = YES;
				CLANG_ENABLE_OBJC_ARC = YES;
				CLANG_WARN_BOOL_CONVERSION = YES;
				CLANG_WARN_CONSTANT_CONVERSION = YES;
				CLANG_WARN_DIRECT_OBJC_ISA_USAGE = YES_ERROR;
				CLANG_WARN_EMPTY_BODY = YES;
				CLANG_WARN_ENUM_CONVERSION = YES;
				CLANG_WARN_INT_CONVERSION = YES;
				CLANG_WARN_OBJC_ROOT_CLASS = YES_ERROR;
				CLANG_WARN_UNREACHABLE_CODE = YES;
				CLANG_WARN__DUPLICATE_METHOD_MATCH = YES;
				CONFIGURATION_BUILD_DIR = "$(BUILD_DIR)";
				COPY_PHASE_STRIP = NO;
				DEBUG_INFORMATION_FORMAT = "dwarf-with-dsym";
				ENABLE_NS_ASSERTIONS = NO;
				ENABLE_STRICT_OBJC_MSGSEND = YES;
				GCC_C_LANGUAGE_STANDARD = "compiler-default";
				GCC_NO_COMMON_BLOCKS = YES;
				GCC_WARN_64_TO_32_BIT_CONVERSION = YES;
				GCC_WARN_ABOUT_RETURN_TYPE = YES_ERROR;
				GCC_WARN_UNDECLARED_SELECTOR = YES;
				GCC_WARN_UNINITIALIZED_AUTOS = YES_AGGRESSIVE;
				GCC_WARN_UNUSED_FUNCTION = YES;
				GCC_WARN_UNUSED_VARIABLE = YES;
				HEADER_SEARCH_PATHS = (
					"$(inherited)",
					/Applications/Xcode.app/Contents/Developer/Toolchains/XcodeDefault.xctoolchain/usr/include,
					/System/Library/Frameworks/JavaVM.framework/Headers,
				);
				INSTALL_PATH = "";
				LIBRARY_SEARCH_PATHS = (
					/System/Library/Frameworks/JavaVM.framework/Libraries,
					../libs/libusb/lib/osx,
					../libs,
					../libs/libusb,
					../libs/libTurboJpeg/include,
				);
				MACOSX_DEPLOYMENT_TARGET = 10.9;
				MTL_ENABLE_DEBUG_INFO = NO;
				ONLY_ACTIVE_ARCH = YES;
				OTHER_LDFLAGS = "";
				SDKROOT = macosx10.10;
				SYMROOT = ../../openKinectv2/lib;
				USER_HEADER_SEARCH_PATHS = "";
			};
			name = Release;
		};
		E2EC00941B254489002AD63A /* Debug */ = {
			isa = XCBuildConfiguration;
			buildSettings = {
				ARCHS = "$(ARCHS_STANDARD_32_64_BIT)";
				CLANG_CXX_LANGUAGE_STANDARD = "c++0x";
				CLANG_CXX_LIBRARY = "libc++";
				CONFIGURATION_BUILD_DIR = "$(BUILD_DIR)";
				DYLIB_COMPATIBILITY_VERSION = 1;
				DYLIB_CURRENT_VERSION = 1;
				EXECUTABLE_PREFIX = lib;
				GCC_C_LANGUAGE_STANDARD = c11;
				GCC_ENABLE_CPP_EXCEPTIONS = YES;
				GCC_ENABLE_CPP_RTTI = YES;
				GCC_SYMBOLS_PRIVATE_EXTERN = YES;
				HEADER_SEARCH_PATHS = (
					"$(inherited)",
					/Applications/Xcode.app/Contents/Developer/Toolchains/XcodeDefault.xctoolchain/usr/include,
					/System/Library/Frameworks/JavaVM.framework/Headers,
					../libs/libusb/include/libusb,
					../libs/libusb/include/libusb/os,
					../libs/libusb,
					../libs/libusb/include,
					../libs/protonect/include,
					../libs/libfreenect2/include,
					../libs/,
					../libs/protonect/src/tinythread,
					../libs/protonect/include/libfreenect2/usb,
					../libs/protonect/include/libfreenecr2,
					../libs/protonect/include/OpenCL,
					../libs/libTurboJpeg/include,
				);
				LIBRARY_SEARCH_PATHS = (
					"$(inherited)",
					../libs/libusb/lib/osx,
					../libs/libTurboJpeg/lib/osx,
					../libs/libTurboJpeg/lib/osx,
				);
				OTHER_CPLUSPLUSFLAGS = (
					"$(OTHER_CFLAGS)",
					"-D__MACOSX_CORE__",
					"-lpthread",
					"-mtune=native",
				);
				OTHER_LDFLAGS = (
					"../libs/libusb/lib/osx/usb-1.0.0-superspeed.a",
					../libs/libTurboJpeg/lib/osx/libturbojpeg.dylib,
					../libs/libTurboJpeg/lib/osx/libturbojpeg.a,
					"-lobjc",
					"-lc",
				);
				PRODUCT_NAME = "$(TARGET_NAME)";
				USER_HEADER_SEARCH_PATHS = "";
				VALID_ARCHS = "i386 x86_64";
			};
			name = Debug;
		};
		E2EC00951B254489002AD63A /* Release */ = {
			isa = XCBuildConfiguration;
			buildSettings = {
				ARCHS = "$(ARCHS_STANDARD_32_64_BIT)";
				CLANG_CXX_LANGUAGE_STANDARD = "c++0x";
				CLANG_CXX_LIBRARY = "libc++";
				DYLIB_COMPATIBILITY_VERSION = 1;
				DYLIB_CURRENT_VERSION = 1;
				EXECUTABLE_PREFIX = lib;
				GCC_C_LANGUAGE_STANDARD = c11;
				GCC_ENABLE_CPP_EXCEPTIONS = YES;
				GCC_ENABLE_CPP_RTTI = YES;
				GCC_SYMBOLS_PRIVATE_EXTERN = YES;
				HEADER_SEARCH_PATHS = (
					"$(inherited)",
					/Applications/Xcode.app/Contents/Developer/Toolchains/XcodeDefault.xctoolchain/usr/include,
					/System/Library/Frameworks/JavaVM.framework/Headers,
					../libs/libusb/include/libusb,
					../libs/libusb/include/libusb/os,
					../libs/libusb,
					../libs/libusb/include,
					../libs/protonect/include,
					../libs/libfreenect2/include,
					../libs/,
					../libs/protonect/src/tinythread,
					../libs/protonect/include/libfreenect2/usb,
					../libs/protonect/include/libfreenecr2,
					../libs/protonect/include/OpenCL,
					../libs/libTurboJpeg/include,
				);
				LIBRARY_SEARCH_PATHS = (
					"$(inherited)",
					../libs/libusb/lib/osx,
					../libs/libTurboJpeg/lib/osx,
					../libs/libTurboJpeg/lib/osx,
				);
				OTHER_CPLUSPLUSFLAGS = (
					"$(OTHER_CFLAGS)",
					"-D__MACOSX_CORE__",
					"-lpthread",
					"-mtune=native",
				);
				OTHER_LDFLAGS = (
					"../libs/libusb/lib/osx/usb-1.0.0-superspeed.a",
					../libs/libTurboJpeg/lib/osx/libturbojpeg.dylib,
					../libs/libTurboJpeg/lib/osx/libturbojpeg.a,
					"-lobjc",
					"-lc",
				);
				PRODUCT_NAME = "$(TARGET_NAME)";
				USER_HEADER_SEARCH_PATHS = "";
				VALID_ARCHS = "i386 x86_64";
			};
			name = Release;
		};
/* End XCBuildConfiguration section */

/* Begin XCConfigurationList section */
		E2EC00831B254489002AD63A /* Build configuration list for PBXProject "JNILibfreenect2" */ = {
			isa = XCConfigurationList;
			buildConfigurations = (
				E2EC00911B254489002AD63A /* Debug */,
				E2EC00921B254489002AD63A /* Release */,
			);
			defaultConfigurationIsVisible = 0;
			defaultConfigurationName = Release;
		};
		E2EC00931B254489002AD63A /* Build configuration list for PBXNativeTarget "JNILibfreenect2" */ = {
			isa = XCConfigurationList;
			buildConfigurations = (
				E2EC00941B254489002AD63A /* Debug */,
				E2EC00951B254489002AD63A /* Release */,
			);
			defaultConfigurationIsVisible = 0;
			defaultConfigurationName = Release;
		};
/* End XCConfigurationList section */
	};
	rootObject = E2EC00801B254489002AD63A /* Project object */;
}
