// !$*UTF8*$!
{
	archiveVersion = 1;
	classes = {
	};
	objectVersion = 46;
	objects = {

/* Begin PBXAggregateTarget section */
		89D0F1C90F3B704E007831A7 /* KinectJNI */ = {
			isa = PBXAggregateTarget;
			buildConfigurationList = 89D0F1D20F3B7080007831A7 /* Build configuration list for PBXAggregateTarget "KinectJNI" */;
			buildPhases = (
			);
			dependencies = (
				89D0F1D10F3B7062007831A7 /* PBXTargetDependency */,
				89D0F1CF0F3B7062007831A7 /* PBXTargetDependency */,
				89D0F1CD0F3B7062007831A7 /* PBXTargetDependency */,
			);
			name = KinectJNI;
			productName = KinectJNI;
		};
/* End PBXAggregateTarget section */

/* Begin PBXBuildFile section */
		24A9FEEC18D7A56A002751BD /* libusb-1.0.a in Frameworks */ = {isa = PBXBuildFile; fileRef = 24A9FEEB18D7A56A002751BD /* libusb-1.0.a */; };
		65415BAE1290A8AD00F30EBD /* Carbon.framework in Frameworks */ = {isa = PBXBuildFile; fileRef = 65415BAD1290A8AD00F30EBD /* Carbon.framework */; };
		65415BB01290A8AD00F30EBD /* CoreFoundation.framework in Frameworks */ = {isa = PBXBuildFile; fileRef = 65415BAF1290A8AD00F30EBD /* CoreFoundation.framework */; };
		65415BB21290A8AD00F30EBD /* CoreServices.framework in Frameworks */ = {isa = PBXBuildFile; fileRef = 65415BB11290A8AD00F30EBD /* CoreServices.framework */; };
		65415BF11290AB1500F30EBD /* IOKit.framework in Frameworks */ = {isa = PBXBuildFile; fileRef = 65415BF01290AB1500F30EBD /* IOKit.framework */; };
		65415CC21290AB4D00F30EBD /* AGL.framework in Frameworks */ = {isa = PBXBuildFile; fileRef = 65415CC11290AB4D00F30EBD /* AGL.framework */; };
		65415CC41290AB4D00F30EBD /* AppKit.framework in Frameworks */ = {isa = PBXBuildFile; fileRef = 65415CC31290AB4D00F30EBD /* AppKit.framework */; };
		65415CC61290AB4D00F30EBD /* ApplicationServices.framework in Frameworks */ = {isa = PBXBuildFile; fileRef = 65415CC51290AB4D00F30EBD /* ApplicationServices.framework */; };
		6564A71012B9B6DF0003A8AC /* cameras.c in Sources */ = {isa = PBXBuildFile; fileRef = 6564A70012B9B6DF0003A8AC /* cameras.c */; };
		6564A71112B9B6DF0003A8AC /* core.c in Sources */ = {isa = PBXBuildFile; fileRef = 6564A70112B9B6DF0003A8AC /* core.c */; };
		6564A71212B9B6DF0003A8AC /* freenect_internal.h in Headers */ = {isa = PBXBuildFile; fileRef = 6564A70212B9B6DF0003A8AC /* freenect_internal.h */; };
		6564A71512B9B6DF0003A8AC /* tilt.c in Sources */ = {isa = PBXBuildFile; fileRef = 6564A70612B9B6DF0003A8AC /* tilt.c */; };
		6564A71612B9B6DF0003A8AC /* usb_libusb10.c in Sources */ = {isa = PBXBuildFile; fileRef = 6564A70712B9B6DF0003A8AC /* usb_libusb10.c */; };
		6564A71712B9B6DF0003A8AC /* usb_libusb10.h in Headers */ = {isa = PBXBuildFile; fileRef = 6564A70812B9B6DF0003A8AC /* usb_libusb10.h */; };
		6564A71812B9B6DF0003A8AC /* libusb.h in Headers */ = {isa = PBXBuildFile; fileRef = 6564A70D12B9B6DF0003A8AC /* libusb.h */; };
		6564A71912B9B6DF0003A8AC /* usb-1.0.a in Frameworks */ = {isa = PBXBuildFile; fileRef = 6564A70F12B9B6DF0003A8AC /* usb-1.0.a */; };
		6564A76212B9B82C0003A8AC /* org_openkinect_Context.cpp in Sources */ = {isa = PBXBuildFile; fileRef = 6564A75E12B9B82C0003A8AC /* org_openkinect_Context.cpp */; };
		6564A76312B9B82C0003A8AC /* org_openkinect_Context.h in Headers */ = {isa = PBXBuildFile; fileRef = 6564A75F12B9B82C0003A8AC /* org_openkinect_Context.h */; };
		6564A76412B9B82C0003A8AC /* org_openkinect_Device.cpp in Sources */ = {isa = PBXBuildFile; fileRef = 6564A76012B9B82C0003A8AC /* org_openkinect_Device.cpp */; };
		6564A76512B9B82C0003A8AC /* org_openkinect_Device.h in Headers */ = {isa = PBXBuildFile; fileRef = 6564A76112B9B82C0003A8AC /* org_openkinect_Device.h */; };
		6564A79912B9BAB10003A8AC /* libfreenect.hpp in Headers */ = {isa = PBXBuildFile; fileRef = 6564A79712B9BAB10003A8AC /* libfreenect.hpp */; };
		6564A79A12B9BAB10003A8AC /* libfreenect.h in Headers */ = {isa = PBXBuildFile; fileRef = 6564A79812B9BAB10003A8AC /* libfreenect.h */; };
		65D3607612907E910032D2A2 /* NativeKinect.h in Headers */ = {isa = PBXBuildFile; fileRef = 65D3607412907E910032D2A2 /* NativeKinect.h */; };
		65D3607712907E910032D2A2 /* NativeKinect.cpp in Sources */ = {isa = PBXBuildFile; fileRef = 65D3607512907E910032D2A2 /* NativeKinect.cpp */; };
		89C3F2920F5250A300B0048E /* Credits.rtf in Resources */ = {isa = PBXBuildFile; fileRef = 89C3F2900F5250A300B0048E /* Credits.rtf */; };
		89D0F0240F392F20007831A7 /* InfoPlist.strings in Resources */ = {isa = PBXBuildFile; fileRef = 89D0F0210F392F20007831A7 /* InfoPlist.strings */; };
		89D0F0410F39306C007831A7 /* JavaApplicationStub in Copy Executable */ = {isa = PBXBuildFile; fileRef = 89D0F03E0F39304A007831A7 /* JavaApplicationStub */; };
		89D0F05C0F39404F007831A7 /* Cocoa.framework in Frameworks */ = {isa = PBXBuildFile; fileRef = 1058C7A1FEA54F0111CA2CBB /* Cocoa.framework */; };
		89D0F0850F394066007831A7 /* JavaNativeFoundation.framework in Frameworks */ = {isa = PBXBuildFile; fileRef = 89D0F0840F394066007831A7 /* JavaNativeFoundation.framework */; };
		89D0F11C0F394183007831A7 /* libKinect.jnilib in Copy Java Resources */ = {isa = PBXBuildFile; fileRef = 89D0F0500F393AD9007831A7 /* libKinect.jnilib */; };
		89D0F1870F3A2442007831A7 /* JavaVM.framework in Frameworks */ = {isa = PBXBuildFile; fileRef = 89D0F1860F3A2442007831A7 /* JavaVM.framework */; };
		89D0F1BF0F3B68AD007831A7 /* GenericApp.icns in Resources */ = {isa = PBXBuildFile; fileRef = 89D0F1BE0F3B68AD007831A7 /* GenericApp.icns */; };
/* End PBXBuildFile section */

/* Begin PBXContainerItemProxy section */
		89D0F1CC0F3B7062007831A7 /* PBXContainerItemProxy */ = {
			isa = PBXContainerItemProxy;
			containerPortal = 29B97313FDCFA39411CA2CEA /* Project object */;
			proxyType = 1;
			remoteGlobalIDString = 8D1107260486CEB800E47090;
			remoteInfo = "Assemble Application";
		};
		89D0F1CE0F3B7062007831A7 /* PBXContainerItemProxy */ = {
			isa = PBXContainerItemProxy;
			containerPortal = 29B97313FDCFA39411CA2CEA /* Project object */;
			proxyType = 1;
			remoteGlobalIDString = 89D0F04F0F393AD9007831A7;
			remoteInfo = "Compile Native";
		};
		89D0F1D00F3B7062007831A7 /* PBXContainerItemProxy */ = {
			isa = PBXContainerItemProxy;
			containerPortal = 29B97313FDCFA39411CA2CEA /* Project object */;
			proxyType = 1;
			remoteGlobalIDString = 89D0F0480F393A6F007831A7;
			remoteInfo = "Compile Java";
		};
/* End PBXContainerItemProxy section */

/* Begin PBXCopyFilesBuildPhase section */
		89D0F0440F393070007831A7 /* Copy Executable */ = {
			isa = PBXCopyFilesBuildPhase;
			buildActionMask = 2147483647;
			dstPath = "";
			dstSubfolderSpec = 6;
			files = (
				89D0F0410F39306C007831A7 /* JavaApplicationStub in Copy Executable */,
			);
			name = "Copy Executable";
			runOnlyForDeploymentPostprocessing = 0;
		};
		89D0F11F0F394189007831A7 /* Copy Java Resources */ = {
			isa = PBXCopyFilesBuildPhase;
			buildActionMask = 2147483647;
			dstPath = "";
			dstSubfolderSpec = 15;
			files = (
				89D0F11C0F394183007831A7 /* libKinect.jnilib in Copy Java Resources */,
			);
			name = "Copy Java Resources";
			runOnlyForDeploymentPostprocessing = 0;
		};
/* End PBXCopyFilesBuildPhase section */

/* Begin PBXFileReference section */
		1058C7A1FEA54F0111CA2CBB /* Cocoa.framework */ = {isa = PBXFileReference; lastKnownFileType = wrapper.framework; name = Cocoa.framework; path = /System/Library/Frameworks/Cocoa.framework; sourceTree = "<absolute>"; };
		24A9FEEB18D7A56A002751BD /* libusb-1.0.a */ = {isa = PBXFileReference; lastKnownFileType = archive.ar; name = "libusb-1.0.a"; path = "src/libusb/osx/libs/libusb-1.0.a"; sourceTree = "<group>"; };
		29B97324FDCFA39411CA2CEA /* AppKit.framework */ = {isa = PBXFileReference; lastKnownFileType = wrapper.framework; name = AppKit.framework; path = /System/Library/Frameworks/AppKit.framework; sourceTree = "<absolute>"; };
		29B97325FDCFA39411CA2CEA /* Foundation.framework */ = {isa = PBXFileReference; lastKnownFileType = wrapper.framework; name = Foundation.framework; path = /System/Library/Frameworks/Foundation.framework; sourceTree = "<absolute>"; };
		653A255112906EFD007E71A5 /* Manifest */ = {isa = PBXFileReference; fileEncoding = 4; lastKnownFileType = text; path = Manifest; sourceTree = "<group>"; };
		65415BAD1290A8AD00F30EBD /* Carbon.framework */ = {isa = PBXFileReference; lastKnownFileType = wrapper.framework; name = Carbon.framework; path = /System/Library/Frameworks/Carbon.framework; sourceTree = "<absolute>"; };
		65415BAF1290A8AD00F30EBD /* CoreFoundation.framework */ = {isa = PBXFileReference; lastKnownFileType = wrapper.framework; name = CoreFoundation.framework; path = /System/Library/Frameworks/CoreFoundation.framework; sourceTree = "<absolute>"; };
		65415BB11290A8AD00F30EBD /* CoreServices.framework */ = {isa = PBXFileReference; lastKnownFileType = wrapper.framework; name = CoreServices.framework; path = /System/Library/Frameworks/CoreServices.framework; sourceTree = "<absolute>"; };
		65415BF01290AB1500F30EBD /* IOKit.framework */ = {isa = PBXFileReference; lastKnownFileType = wrapper.framework; name = IOKit.framework; path = ../../../../../../../../../System/Library/Frameworks/IOKit.framework; sourceTree = SDKROOT; };
		65415CC11290AB4D00F30EBD /* AGL.framework */ = {isa = PBXFileReference; lastKnownFileType = wrapper.framework; name = AGL.framework; path = ../../../../../../../../../System/Library/Frameworks/AGL.framework; sourceTree = SDKROOT; };
		65415CC31290AB4D00F30EBD /* AppKit.framework */ = {isa = PBXFileReference; lastKnownFileType = wrapper.framework; name = AppKit.framework; path = ../../../../../../../../../System/Library/Frameworks/AppKit.framework; sourceTree = SDKROOT; };
		65415CC51290AB4D00F30EBD /* ApplicationServices.framework */ = {isa = PBXFileReference; lastKnownFileType = wrapper.framework; name = ApplicationServices.framework; path = ../../../../../../../../../System/Library/Frameworks/ApplicationServices.framework; sourceTree = SDKROOT; };
		6564A70012B9B6DF0003A8AC /* cameras.c */ = {isa = PBXFileReference; fileEncoding = 4; lastKnownFileType = sourcecode.c.c; path = cameras.c; sourceTree = "<group>"; };
		6564A70112B9B6DF0003A8AC /* core.c */ = {isa = PBXFileReference; fileEncoding = 4; lastKnownFileType = sourcecode.c.c; path = core.c; sourceTree = "<group>"; };
		6564A70212B9B6DF0003A8AC /* freenect_internal.h */ = {isa = PBXFileReference; fileEncoding = 4; lastKnownFileType = sourcecode.c.h; path = freenect_internal.h; sourceTree = "<group>"; };
		6564A70512B9B6DF0003A8AC /* libfreenect.pc.in */ = {isa = PBXFileReference; fileEncoding = 4; lastKnownFileType = text; path = libfreenect.pc.in; sourceTree = "<group>"; };
		6564A70612B9B6DF0003A8AC /* tilt.c */ = {isa = PBXFileReference; fileEncoding = 4; lastKnownFileType = sourcecode.c.c; path = tilt.c; sourceTree = "<group>"; };
		6564A70712B9B6DF0003A8AC /* usb_libusb10.c */ = {isa = PBXFileReference; fileEncoding = 4; lastKnownFileType = sourcecode.c.c; path = usb_libusb10.c; sourceTree = "<group>"; };
		6564A70812B9B6DF0003A8AC /* usb_libusb10.h */ = {isa = PBXFileReference; fileEncoding = 4; lastKnownFileType = sourcecode.c.h; path = usb_libusb10.h; sourceTree = "<group>"; };
		6564A70D12B9B6DF0003A8AC /* libusb.h */ = {isa = PBXFileReference; fileEncoding = 4; lastKnownFileType = sourcecode.c.h; path = libusb.h; sourceTree = "<group>"; };
		6564A70F12B9B6DF0003A8AC /* usb-1.0.a */ = {isa = PBXFileReference; lastKnownFileType = archive.ar; path = "usb-1.0.a"; sourceTree = "<group>"; };
		6564A72812B9B72C0003A8AC /* usb-1.0.a */ = {isa = PBXFileReference; lastKnownFileType = archive.ar; name = "usb-1.0.a"; path = "src/libusb/osx/libs/usb-1.0.a"; sourceTree = "<group>"; };
		6564A75E12B9B82C0003A8AC /* org_openkinect_Context.cpp */ = {isa = PBXFileReference; fileEncoding = 4; lastKnownFileType = sourcecode.cpp.cpp; path = org_openkinect_Context.cpp; sourceTree = "<group>"; };
		6564A75F12B9B82C0003A8AC /* org_openkinect_Context.h */ = {isa = PBXFileReference; fileEncoding = 4; lastKnownFileType = sourcecode.c.h; path = org_openkinect_Context.h; sourceTree = "<group>"; };
		6564A76012B9B82C0003A8AC /* org_openkinect_Device.cpp */ = {isa = PBXFileReference; fileEncoding = 4; lastKnownFileType = sourcecode.cpp.cpp; path = org_openkinect_Device.cpp; sourceTree = "<group>"; };
		6564A76112B9B82C0003A8AC /* org_openkinect_Device.h */ = {isa = PBXFileReference; fileEncoding = 4; lastKnownFileType = sourcecode.c.h; path = org_openkinect_Device.h; sourceTree = "<group>"; };
		6564A79712B9BAB10003A8AC /* libfreenect.hpp */ = {isa = PBXFileReference; fileEncoding = 4; lastKnownFileType = sourcecode.cpp.h; path = libfreenect.hpp; sourceTree = "<group>"; };
		6564A79812B9BAB10003A8AC /* libfreenect.h */ = {isa = PBXFileReference; fileEncoding = 4; lastKnownFileType = sourcecode.c.h; path = libfreenect.h; sourceTree = "<group>"; };
		6564A7CF12B9BD040003A8AC /* Example.java */ = {isa = PBXFileReference; fileEncoding = 4; lastKnownFileType = sourcecode.java; path = Example.java; sourceTree = "<group>"; };
		6564A7D212B9BD040003A8AC /* Acceleration.java */ = {isa = PBXFileReference; fileEncoding = 4; lastKnownFileType = sourcecode.java; path = Acceleration.java; sourceTree = "<group>"; };
		6564A7D312B9BD040003A8AC /* ColorFormat.java */ = {isa = PBXFileReference; fileEncoding = 4; lastKnownFileType = sourcecode.java; path = ColorFormat.java; sourceTree = "<group>"; };
		6564A7D412B9BD040003A8AC /* Context.java */ = {isa = PBXFileReference; fileEncoding = 4; lastKnownFileType = sourcecode.java; path = Context.java; sourceTree = "<group>"; };
		6564A7D512B9BD040003A8AC /* DepthFormat.java */ = {isa = PBXFileReference; fileEncoding = 4; lastKnownFileType = sourcecode.java; path = DepthFormat.java; sourceTree = "<group>"; };
		6564A7D612B9BD040003A8AC /* Device.java */ = {isa = PBXFileReference; fileEncoding = 4; lastKnownFileType = sourcecode.java; path = Device.java; sourceTree = "<group>"; };
		6564A7D712B9BD040003A8AC /* Image.java */ = {isa = PBXFileReference; fileEncoding = 4; lastKnownFileType = sourcecode.java; path = Image.java; sourceTree = "<group>"; };
		6564A7D812B9BD040003A8AC /* LEDStatus.java */ = {isa = PBXFileReference; fileEncoding = 4; lastKnownFileType = sourcecode.java; path = LEDStatus.java; sourceTree = "<group>"; };
		6564A7D912B9BD040003A8AC /* Logger.java */ = {isa = PBXFileReference; fileEncoding = 4; lastKnownFileType = sourcecode.java; path = Logger.java; sourceTree = "<group>"; };
		6564A7DA12B9BD040003A8AC /* LogLevel.java */ = {isa = PBXFileReference; fileEncoding = 4; lastKnownFileType = sourcecode.java; path = LogLevel.java; sourceTree = "<group>"; };
		65D35FCA129077490032D2A2 /* KinectJNI.java */ = {isa = PBXFileReference; fileEncoding = 4; lastKnownFileType = sourcecode.java; name = KinectJNI.java; path = java/shiffman/kinect/KinectJNI.java; sourceTree = "<group>"; };
		65D35FCF129077670032D2A2 /* NativeKinect.java */ = {isa = PBXFileReference; explicitFileType = sourcecode.java; fileEncoding = 4; name = NativeKinect.java; path = java/shiffman/kinect/NativeKinect.java; sourceTree = "<group>"; };
		65D3607412907E910032D2A2 /* NativeKinect.h */ = {isa = PBXFileReference; fileEncoding = 4; lastKnownFileType = sourcecode.c.h; path = NativeKinect.h; sourceTree = "<group>"; };
		65D3607512907E910032D2A2 /* NativeKinect.cpp */ = {isa = PBXFileReference; fileEncoding = 4; lastKnownFileType = sourcecode.cpp.cpp; path = NativeKinect.cpp; sourceTree = "<group>"; };
		89B60E390F414E1200C86CA9 /* lib */ = {isa = PBXFileReference; lastKnownFileType = folder; name = lib; path = "Library/Xcode/Project Templates/Java/JNI Application/lib"; sourceTree = DEVELOPER_DIR; };
		89C3F2910F5250A300B0048E /* English */ = {isa = PBXFileReference; lastKnownFileType = text.rtf; name = English; path = English.lproj/Credits.rtf; sourceTree = "<group>"; };
		89D0F0220F392F20007831A7 /* English */ = {isa = PBXFileReference; fileEncoding = 10; lastKnownFileType = text.plist.strings; name = English; path = English.lproj/InfoPlist.strings; sourceTree = "<group>"; };
		89D0F0230F392F20007831A7 /* Info.plist */ = {isa = PBXFileReference; fileEncoding = 4; lastKnownFileType = text.plist.xml; path = Info.plist; sourceTree = "<group>"; };
		89D0F03E0F39304A007831A7 /* JavaApplicationStub */ = {isa = PBXFileReference; lastKnownFileType = "compiled.mach-o.executable"; name = JavaApplicationStub; path = /System/Library/Frameworks/JavaVM.framework/Versions/A/Resources/MacOS/JavaApplicationStub; sourceTree = "<absolute>"; };
		89D0F0500F393AD9007831A7 /* libKinect.jnilib */ = {isa = PBXFileReference; explicitFileType = "compiled.mach-o.dylib"; includeInIndex = 0; path = libKinect.jnilib; sourceTree = BUILT_PRODUCTS_DIR; };
		89D0F0840F394066007831A7 /* JavaNativeFoundation.framework */ = {isa = PBXFileReference; lastKnownFileType = wrapper.framework; name = JavaNativeFoundation.framework; path = /System/Library/Frameworks/JavaVM.framework/Versions/A/Frameworks/JavaNativeFoundation.framework; sourceTree = "<absolute>"; };
		89D0F0870F39408C007831A7 /* AddressBook.framework */ = {isa = PBXFileReference; lastKnownFileType = wrapper.framework; name = AddressBook.framework; path = /System/Library/Frameworks/AddressBook.framework; sourceTree = "<absolute>"; };
		89D0F1390F3948A9007831A7 /* make */ = {isa = PBXFileReference; lastKnownFileType = folder; path = make; sourceTree = "<group>"; };
		89D0F1860F3A2442007831A7 /* JavaVM.framework */ = {isa = PBXFileReference; lastKnownFileType = wrapper.framework; name = JavaVM.framework; path = /System/Library/Frameworks/JavaVM.framework; sourceTree = "<absolute>"; };
		89D0F1BE0F3B68AD007831A7 /* GenericApp.icns */ = {isa = PBXFileReference; lastKnownFileType = image.icns; name = GenericApp.icns; path = /System/Library/Frameworks/JavaVM.framework/Versions/A/Resources/GenericApp.icns; sourceTree = "<absolute>"; };
		8D1107320486CEB800E47090 /* KinectJNI.app */ = {isa = PBXFileReference; explicitFileType = wrapper.application; includeInIndex = 0; path = KinectJNI.app; sourceTree = BUILT_PRODUCTS_DIR; };
/* End PBXFileReference section */

/* Begin PBXFrameworksBuildPhase section */
		89D0F04E0F393AD9007831A7 /* Frameworks */ = {
			isa = PBXFrameworksBuildPhase;
			buildActionMask = 2147483647;
			files = (
				24A9FEEC18D7A56A002751BD /* libusb-1.0.a in Frameworks */,
				89D0F05C0F39404F007831A7 /* Cocoa.framework in Frameworks */,
				89D0F0850F394066007831A7 /* JavaNativeFoundation.framework in Frameworks */,
				89D0F1870F3A2442007831A7 /* JavaVM.framework in Frameworks */,
				65415BAE1290A8AD00F30EBD /* Carbon.framework in Frameworks */,
				65415BB01290A8AD00F30EBD /* CoreFoundation.framework in Frameworks */,
				65415BB21290A8AD00F30EBD /* CoreServices.framework in Frameworks */,
				65415BF11290AB1500F30EBD /* IOKit.framework in Frameworks */,
				65415CC21290AB4D00F30EBD /* AGL.framework in Frameworks */,
				65415CC41290AB4D00F30EBD /* AppKit.framework in Frameworks */,
				65415CC61290AB4D00F30EBD /* ApplicationServices.framework in Frameworks */,
				6564A71912B9B6DF0003A8AC /* usb-1.0.a in Frameworks */,
			);
			runOnlyForDeploymentPostprocessing = 0;
		};
/* End PBXFrameworksBuildPhase section */

/* Begin PBXGroup section */
		1058C7A0FEA54F0111CA2CBB /* Linked Frameworks */ = {
			isa = PBXGroup;
			children = (
				89D0F0870F39408C007831A7 /* AddressBook.framework */,
				1058C7A1FEA54F0111CA2CBB /* Cocoa.framework */,
				89D0F1860F3A2442007831A7 /* JavaVM.framework */,
				89D0F0840F394066007831A7 /* JavaNativeFoundation.framework */,
			);
			name = "Linked Frameworks";
			sourceTree = "<group>";
		};
		1058C7A2FEA54F0111CA2CBB /* Other Frameworks */ = {
			isa = PBXGroup;
			children = (
				24A9FEEB18D7A56A002751BD /* libusb-1.0.a */,
				6564A72812B9B72C0003A8AC /* usb-1.0.a */,
				29B97324FDCFA39411CA2CEA /* AppKit.framework */,
				29B97325FDCFA39411CA2CEA /* Foundation.framework */,
			);
			name = "Other Frameworks";
			sourceTree = "<group>";
		};
		19C28FACFE9D520D11CA2CBB /* Products */ = {
			isa = PBXGroup;
			children = (
				89D0F0500F393AD9007831A7 /* libKinect.jnilib */,
				8D1107320486CEB800E47090 /* KinectJNI.app */,
			);
			name = Products;
			sourceTree = "<group>";
		};
		29B97314FDCFA39411CA2CEA /* KinectJNI */ = {
			isa = PBXGroup;
			children = (
				89D0F0260F392F48007831A7 /* Source */,
				89D0F0200F392F20007831A7 /* Resources */,
				89D0F1390F3948A9007831A7 /* make */,
				89B60E390F414E1200C86CA9 /* lib */,
				29B97323FDCFA39411CA2CEA /* Frameworks */,
				19C28FACFE9D520D11CA2CBB /* Products */,
				65415BAD1290A8AD00F30EBD /* Carbon.framework */,
				65415BAF1290A8AD00F30EBD /* CoreFoundation.framework */,
				65415BB11290A8AD00F30EBD /* CoreServices.framework */,
				65415BF01290AB1500F30EBD /* IOKit.framework */,
				65415CC11290AB4D00F30EBD /* AGL.framework */,
				65415CC31290AB4D00F30EBD /* AppKit.framework */,
				65415CC51290AB4D00F30EBD /* ApplicationServices.framework */,
			);
			name = KinectJNI;
			sourceTree = "<group>";
		};
		29B97323FDCFA39411CA2CEA /* Frameworks */ = {
			isa = PBXGroup;
			children = (
				1058C7A0FEA54F0111CA2CBB /* Linked Frameworks */,
				1058C7A2FEA54F0111CA2CBB /* Other Frameworks */,
			);
			name = Frameworks;
			sourceTree = "<group>";
		};
		6564A6FF12B9B6DF0003A8AC /* libfreenect */ = {
			isa = PBXGroup;
			children = (
				6564A79712B9BAB10003A8AC /* libfreenect.hpp */,
				6564A79812B9BAB10003A8AC /* libfreenect.h */,
				6564A70012B9B6DF0003A8AC /* cameras.c */,
				6564A70112B9B6DF0003A8AC /* core.c */,
				6564A70212B9B6DF0003A8AC /* freenect_internal.h */,
				6564A70512B9B6DF0003A8AC /* libfreenect.pc.in */,
				6564A70612B9B6DF0003A8AC /* tilt.c */,
				6564A70712B9B6DF0003A8AC /* usb_libusb10.c */,
				6564A70812B9B6DF0003A8AC /* usb_libusb10.h */,
			);
			path = libfreenect;
			sourceTree = "<group>";
		};
		6564A70912B9B6DF0003A8AC /* libusb */ = {
			isa = PBXGroup;
			children = (
				6564A70A12B9B6DF0003A8AC /* osx */,
			);
			path = libusb;
			sourceTree = "<group>";
		};
		6564A70A12B9B6DF0003A8AC /* osx */ = {
			isa = PBXGroup;
			children = (
				6564A70B12B9B6DF0003A8AC /* include */,
				6564A70E12B9B6DF0003A8AC /* libs */,
			);
			path = osx;
			sourceTree = "<group>";
		};
		6564A70B12B9B6DF0003A8AC /* include */ = {
			isa = PBXGroup;
			children = (
				6564A70C12B9B6DF0003A8AC /* libusb-1.0 */,
			);
			path = include;
			sourceTree = "<group>";
		};
		6564A70C12B9B6DF0003A8AC /* libusb-1.0 */ = {
			isa = PBXGroup;
			children = (
				6564A70D12B9B6DF0003A8AC /* libusb.h */,
			);
			path = "libusb-1.0";
			sourceTree = "<group>";
		};
		6564A70E12B9B6DF0003A8AC /* libs */ = {
			isa = PBXGroup;
			children = (
				6564A70F12B9B6DF0003A8AC /* usb-1.0.a */,
			);
			path = libs;
			sourceTree = "<group>";
		};
		6564A7D012B9BD040003A8AC /* org */ = {
			isa = PBXGroup;
			children = (
				6564A7D112B9BD040003A8AC /* openkinect */,
			);
			path = org;
			sourceTree = "<group>";
		};
		6564A7D112B9BD040003A8AC /* openkinect */ = {
			isa = PBXGroup;
			children = (
				6564A7D212B9BD040003A8AC /* Acceleration.java */,
				6564A7D312B9BD040003A8AC /* ColorFormat.java */,
				6564A7D412B9BD040003A8AC /* Context.java */,
				6564A7D512B9BD040003A8AC /* DepthFormat.java */,
				6564A7D612B9BD040003A8AC /* Device.java */,
				6564A7D712B9BD040003A8AC /* Image.java */,
				6564A7D812B9BD040003A8AC /* LEDStatus.java */,
				6564A7D912B9BD040003A8AC /* Logger.java */,
				6564A7DA12B9BD040003A8AC /* LogLevel.java */,
			);
			path = openkinect;
			sourceTree = "<group>";
		};
		6598C511129067A9009C53C6 /* java */ = {
			isa = PBXGroup;
			children = (
				6564A7CF12B9BD040003A8AC /* Example.java */,
				6564A7D012B9BD040003A8AC /* org */,
				65D35FC6129076F30032D2A2 /* shiffman */,
			);
			name = java;
			sourceTree = "<group>";
		};
		65D35FC6129076F30032D2A2 /* shiffman */ = {
			isa = PBXGroup;
			children = (
				65D35FC7129076F80032D2A2 /* kinect */,
			);
			name = shiffman;
			sourceTree = "<group>";
		};
		65D35FC7129076F80032D2A2 /* kinect */ = {
			isa = PBXGroup;
			children = (
				65D35FCF129077670032D2A2 /* NativeKinect.java */,
				65D35FCA129077490032D2A2 /* KinectJNI.java */,
			);
			name = kinect;
			sourceTree = "<group>";
		};
		89D0F0200F392F20007831A7 /* Resources */ = {
			isa = PBXGroup;
			children = (
				653A255112906EFD007E71A5 /* Manifest */,
				89C3F2900F5250A300B0048E /* Credits.rtf */,
				89D0F0230F392F20007831A7 /* Info.plist */,
				89D0F0210F392F20007831A7 /* InfoPlist.strings */,
				89D0F03E0F39304A007831A7 /* JavaApplicationStub */,
				89D0F1BE0F3B68AD007831A7 /* GenericApp.icns */,
			);
			name = Resources;
			path = resources;
			sourceTree = "<group>";
		};
		89D0F0260F392F48007831A7 /* Source */ = {
			isa = PBXGroup;
			children = (
				6564A6FF12B9B6DF0003A8AC /* libfreenect */,
				6564A70912B9B6DF0003A8AC /* libusb */,
				6598C511129067A9009C53C6 /* java */,
				89D0F0280F392F48007831A7 /* native */,
			);
			name = Source;
			path = src;
			sourceTree = "<group>";
		};
		89D0F0280F392F48007831A7 /* native */ = {
			isa = PBXGroup;
			children = (
				6564A75E12B9B82C0003A8AC /* org_openkinect_Context.cpp */,
				6564A75F12B9B82C0003A8AC /* org_openkinect_Context.h */,
				6564A76012B9B82C0003A8AC /* org_openkinect_Device.cpp */,
				6564A76112B9B82C0003A8AC /* org_openkinect_Device.h */,
				65D3607412907E910032D2A2 /* NativeKinect.h */,
				65D3607512907E910032D2A2 /* NativeKinect.cpp */,
			);
			path = native;
			sourceTree = "<group>";
		};
/* End PBXGroup section */

/* Begin PBXHeadersBuildPhase section */
		89D0F04C0F393AD9007831A7 /* Headers */ = {
			isa = PBXHeadersBuildPhase;
			buildActionMask = 2147483647;
			files = (
				65D3607612907E910032D2A2 /* NativeKinect.h in Headers */,
				6564A71212B9B6DF0003A8AC /* freenect_internal.h in Headers */,
				6564A71712B9B6DF0003A8AC /* usb_libusb10.h in Headers */,
				6564A71812B9B6DF0003A8AC /* libusb.h in Headers */,
				6564A76312B9B82C0003A8AC /* org_openkinect_Context.h in Headers */,
				6564A76512B9B82C0003A8AC /* org_openkinect_Device.h in Headers */,
				6564A79912B9BAB10003A8AC /* libfreenect.hpp in Headers */,
				6564A79A12B9BAB10003A8AC /* libfreenect.h in Headers */,
			);
			runOnlyForDeploymentPostprocessing = 0;
		};
/* End PBXHeadersBuildPhase section */

/* Begin PBXLegacyTarget section */
		89D0F0480F393A6F007831A7 /* Compile Java */ = {
			isa = PBXLegacyTarget;
			buildArgumentsString = "-e -f \"${SRCROOT}/make/build.xml\" -debug \"$ACTION\"";
			buildConfigurationList = 89D0F04B0F393AB7007831A7 /* Build configuration list for PBXLegacyTarget "Compile Java" */;
			buildPhases = (
			);
			buildToolPath = /usr/bin/ant;
			buildWorkingDirectory = "";
			dependencies = (
			);
			name = "Compile Java";
			passBuildSettingsInEnvironment = 1;
			productName = "Compile Java";
		};
/* End PBXLegacyTarget section */

/* Begin PBXNativeTarget section */
		89D0F04F0F393AD9007831A7 /* Compile Native */ = {
			isa = PBXNativeTarget;
			buildConfigurationList = 89D0F0530F393AF8007831A7 /* Build configuration list for PBXNativeTarget "Compile Native" */;
			buildPhases = (
				89D0F1360F394748007831A7 /* Run javah */,
				89D0F04C0F393AD9007831A7 /* Headers */,
				89D0F04D0F393AD9007831A7 /* Sources */,
				89D0F04E0F393AD9007831A7 /* Frameworks */,
			);
			buildRules = (
			);
			dependencies = (
			);
			name = "Compile Native";
			productName = "Compile Native";
			productReference = 89D0F0500F393AD9007831A7 /* libKinect.jnilib */;
			productType = "com.apple.product-type.library.dynamic";
		};
		8D1107260486CEB800E47090 /* Assemble Application */ = {
			isa = PBXNativeTarget;
			buildConfigurationList = C01FCF4A08A954540054247B /* Build configuration list for PBXNativeTarget "Assemble Application" */;
			buildPhases = (
				89D0F0440F393070007831A7 /* Copy Executable */,
				89D0F11F0F394189007831A7 /* Copy Java Resources */,
				8D1107290486CEB800E47090 /* Resources */,
			);
			buildRules = (
			);
			dependencies = (
			);
			name = "Assemble Application";
			productInstallPath = "$(HOME)/Applications";
			productName = KinectJNI;
			productReference = 8D1107320486CEB800E47090 /* KinectJNI.app */;
			productType = "com.apple.product-type.application";
		};
/* End PBXNativeTarget section */

/* Begin PBXProject section */
		29B97313FDCFA39411CA2CEA /* Project object */ = {
			isa = PBXProject;
			attributes = {
				LastUpgradeCheck = 0510;
			};
			buildConfigurationList = C01FCF4E08A954540054247B /* Build configuration list for PBXProject "KinectJNI" */;
			compatibilityVersion = "Xcode 3.2";
			developmentRegion = English;
			hasScannedForEncodings = 1;
			knownRegions = (
				English,
				Japanese,
				French,
				German,
			);
			mainGroup = 29B97314FDCFA39411CA2CEA /* KinectJNI */;
			projectDirPath = "";
			projectRoot = "";
			targets = (
				89D0F1C90F3B704E007831A7 /* KinectJNI */,
				89D0F0480F393A6F007831A7 /* Compile Java */,
				89D0F04F0F393AD9007831A7 /* Compile Native */,
				8D1107260486CEB800E47090 /* Assemble Application */,
			);
		};
/* End PBXProject section */

/* Begin PBXResourcesBuildPhase section */
		8D1107290486CEB800E47090 /* Resources */ = {
			isa = PBXResourcesBuildPhase;
			buildActionMask = 2147483647;
			files = (
				89D0F0240F392F20007831A7 /* InfoPlist.strings in Resources */,
				89D0F1BF0F3B68AD007831A7 /* GenericApp.icns in Resources */,
				89C3F2920F5250A300B0048E /* Credits.rtf in Resources */,
			);
			runOnlyForDeploymentPostprocessing = 0;
		};
/* End PBXResourcesBuildPhase section */

/* Begin PBXShellScriptBuildPhase section */
		89D0F1360F394748007831A7 /* Run javah */ = {
			isa = PBXShellScriptBuildPhase;
			buildActionMask = 2147483647;
			files = (
			);
			inputPaths = (
			);
			name = "Run javah";
			outputPaths = (
			);
			runOnlyForDeploymentPostprocessing = 0;
			shellPath = /bin/sh;
			shellScript = "# find the jar file to dig into\nJAR_TO_JAVAH=\"${BUILT_PRODUCTS_DIR}/AddressBook.jar\"\n\n# use a helper script to list all classes inside the jar, and all classes referenced by those classes\nCLASS_LIST=`\"${SRCROOT}/make/find-classrefs.sh\" \"${JAR_TO_JAVAH}\" | xargs`\n\n# run javah for all classes inside the jar, and all classes referenced by those classes\njavah -verbose -jni -classpath \"${JAR_TO_JAVAH}\" -d \"${DERIVED_SOURCES_DIR}\" ${CLASS_LIST}";
		};
/* End PBXShellScriptBuildPhase section */

/* Begin PBXSourcesBuildPhase section */
		89D0F04D0F393AD9007831A7 /* Sources */ = {
			isa = PBXSourcesBuildPhase;
			buildActionMask = 2147483647;
			files = (
				65D3607712907E910032D2A2 /* NativeKinect.cpp in Sources */,
				6564A71012B9B6DF0003A8AC /* cameras.c in Sources */,
				6564A71112B9B6DF0003A8AC /* core.c in Sources */,
				6564A71512B9B6DF0003A8AC /* tilt.c in Sources */,
				6564A71612B9B6DF0003A8AC /* usb_libusb10.c in Sources */,
				6564A76212B9B82C0003A8AC /* org_openkinect_Context.cpp in Sources */,
				6564A76412B9B82C0003A8AC /* org_openkinect_Device.cpp in Sources */,
			);
			runOnlyForDeploymentPostprocessing = 0;
		};
/* End PBXSourcesBuildPhase section */

/* Begin PBXTargetDependency section */
		89D0F1CD0F3B7062007831A7 /* PBXTargetDependency */ = {
			isa = PBXTargetDependency;
			target = 8D1107260486CEB800E47090 /* Assemble Application */;
			targetProxy = 89D0F1CC0F3B7062007831A7 /* PBXContainerItemProxy */;
		};
		89D0F1CF0F3B7062007831A7 /* PBXTargetDependency */ = {
			isa = PBXTargetDependency;
			target = 89D0F04F0F393AD9007831A7 /* Compile Native */;
			targetProxy = 89D0F1CE0F3B7062007831A7 /* PBXContainerItemProxy */;
		};
		89D0F1D10F3B7062007831A7 /* PBXTargetDependency */ = {
			isa = PBXTargetDependency;
			target = 89D0F0480F393A6F007831A7 /* Compile Java */;
			targetProxy = 89D0F1D00F3B7062007831A7 /* PBXContainerItemProxy */;
		};
/* End PBXTargetDependency section */

/* Begin PBXVariantGroup section */
		89C3F2900F5250A300B0048E /* Credits.rtf */ = {
			isa = PBXVariantGroup;
			children = (
				89C3F2910F5250A300B0048E /* English */,
			);
			name = Credits.rtf;
			sourceTree = "<group>";
		};
		89D0F0210F392F20007831A7 /* InfoPlist.strings */ = {
			isa = PBXVariantGroup;
			children = (
				89D0F0220F392F20007831A7 /* English */,
			);
			name = InfoPlist.strings;
			sourceTree = "<group>";
		};
/* End PBXVariantGroup section */

/* Begin XCBuildConfiguration section */
		89D0F0490F393A6F007831A7 /* Debug */ = {
			isa = XCBuildConfiguration;
			buildSettings = {
				PRODUCT_NAME = AddressBook;
			};
			name = Debug;
		};
		89D0F04A0F393A6F007831A7 /* Release */ = {
			isa = XCBuildConfiguration;
			buildSettings = {
				PRODUCT_NAME = kinect;
			};
			name = Release;
		};
		89D0F0510F393ADA007831A7 /* Debug */ = {
			isa = XCBuildConfiguration;
			buildSettings = {
				COPY_PHASE_STRIP = NO;
				DYLIB_COMPATIBILITY_VERSION = 1;
				DYLIB_CURRENT_VERSION = 1;
				EXECUTABLE_EXTENSION = jnilib;
				EXECUTABLE_PREFIX = lib;
				FRAMEWORK_SEARCH_PATHS = (
					"$(inherited)",
					"\"$(SYSTEM_LIBRARY_DIR)/Frameworks/JavaVM.framework/Versions/A/Frameworks\"",
				);
				GCC_DYNAMIC_NO_PIC = NO;
				GCC_ENABLE_FIX_AND_CONTINUE = YES;
				GCC_MODEL_TUNING = G5;
				GCC_OPTIMIZATION_LEVEL = 0;
				GCC_PRECOMPILE_PREFIX_HEADER = YES;
				GCC_PREFIX_HEADER = "";
				HEADER_SEARCH_PATHS = "\"$(SYSTEM_LIBRARY_DIR)/Frameworks/JavaVM.framework/Headers\"";
				INSTALL_PATH = /usr/local/lib;
				LIBRARY_SEARCH_PATHS = (
					"$(inherited)",
					"/opt/local/lib/**",
					"\"$(SRCROOT)/src/libs/libusb/osx/libs\"",
					"\"$(SRCROOT)/src/libusb/osx/libs\"",
					"$(SRCROOT)",
					"$(PROJECT_DIR)/src/libusb/osx/libs",
				);
				OTHER_LDFLAGS = (
					"-framework",
					Foundation,
					"-framework",
					AppKit,
				);
				PREBINDING = NO;
				PRODUCT_NAME = Kinect;
				SDKROOT = macosx;
				VALID_ARCHS = "x86_64 i386";
			};
			name = Debug;
		};
		89D0F0520F393ADA007831A7 /* Release */ = {
			isa = XCBuildConfiguration;
			buildSettings = {
				COPY_PHASE_STRIP = YES;
				DEBUG_INFORMATION_FORMAT = "dwarf-with-dsym";
				DYLIB_COMPATIBILITY_VERSION = 1;
				DYLIB_CURRENT_VERSION = 1;
				EXECUTABLE_EXTENSION = jnilib;
				EXECUTABLE_PREFIX = lib;
				FRAMEWORK_SEARCH_PATHS = (
					"$(inherited)",
					"\"$(SYSTEM_LIBRARY_DIR)/Frameworks/JavaVM.framework/Versions/A/Frameworks\"",
				);
				GCC_ENABLE_FIX_AND_CONTINUE = NO;
				GCC_MODEL_TUNING = G5;
				GCC_PRECOMPILE_PREFIX_HEADER = YES;
				GCC_PREFIX_HEADER = "";
				HEADER_SEARCH_PATHS = "\"$(SYSTEM_LIBRARY_DIR)/Frameworks/JavaVM.framework/Headers\"";
				INSTALL_PATH = /usr/local/lib;
				LIBRARY_SEARCH_PATHS = (
					"$(inherited)",
					"/opt/local/lib/**",
					"\"$(SRCROOT)/src/libs/libusb/osx/libs\"",
					"\"$(SRCROOT)/src/libusb/osx/libs\"",
					"$(SRCROOT)",
					"$(PROJECT_DIR)/src/libusb/osx/libs",
				);
				OTHER_LDFLAGS = (
					"-framework",
					Foundation,
					"-framework",
					AppKit,
				);
				PREBINDING = NO;
				PRODUCT_NAME = Kinect;
				SDKROOT = macosx;
				VALID_ARCHS = "x86_64 i386";
			};
			name = Release;
		};
		89D0F1CA0F3B704F007831A7 /* Debug */ = {
			isa = XCBuildConfiguration;
			buildSettings = {
				PRODUCT_NAME = KinectJNI;
			};
			name = Debug;
		};
		89D0F1CB0F3B704F007831A7 /* Release */ = {
			isa = XCBuildConfiguration;
			buildSettings = {
				PRODUCT_NAME = KinectJNI;
			};
			name = Release;
		};
		C01FCF4B08A954540054247B /* Debug */ = {
			isa = XCBuildConfiguration;
			buildSettings = {
				COMBINE_HIDPI_IMAGES = YES;
				COPY_PHASE_STRIP = NO;
				INFOPLIST_FILE = resources/Info.plist;
				INSTALL_PATH = "$(HOME)/Applications";
				PRODUCT_NAME = KinectJNI;
				WRAPPER_EXTENSION = app;
			};
			name = Debug;
		};
		C01FCF4C08A954540054247B /* Release */ = {
			isa = XCBuildConfiguration;
			buildSettings = {
				COMBINE_HIDPI_IMAGES = YES;
				DEBUG_INFORMATION_FORMAT = "dwarf-with-dsym";
				INFOPLIST_FILE = resources/Info.plist;
				INSTALL_PATH = "$(HOME)/Applications";
				PRODUCT_NAME = KinectJNI;
				WRAPPER_EXTENSION = app;
			};
			name = Release;
		};
		C01FCF4F08A954540054247B /* Debug */ = {
			isa = XCBuildConfiguration;
			buildSettings = {
				GCC_C_LANGUAGE_STANDARD = gnu99;
				GCC_OPTIMIZATION_LEVEL = 0;
				GCC_WARN_ABOUT_RETURN_TYPE = YES;
				GCC_WARN_UNUSED_VARIABLE = YES;
				MACOSX_DEPLOYMENT_TARGET = 10.9;
				ONLY_ACTIVE_ARCH = YES;
				PREBINDING = NO;
				SDKROOT = macosx10.9;
				VALID_ARCHS = i386;
			};
			name = Debug;
		};
		C01FCF5008A954540054247B /* Release */ = {
			isa = XCBuildConfiguration;
			buildSettings = {
				GCC_C_LANGUAGE_STANDARD = gnu99;
				GCC_WARN_ABOUT_RETURN_TYPE = YES;
				GCC_WARN_UNUSED_VARIABLE = YES;
				MACOSX_DEPLOYMENT_TARGET = 10.9;
				ONLY_ACTIVE_ARCH = YES;
				PREBINDING = NO;
				PRODUCT_NAME = "";
				SDKROOT = macosx10.9;
				VALID_ARCHS = i386;
			};
			name = Release;
		};
/* End XCBuildConfiguration section */

/* Begin XCConfigurationList section */
		89D0F04B0F393AB7007831A7 /* Build configuration list for PBXLegacyTarget "Compile Java" */ = {
			isa = XCConfigurationList;
			buildConfigurations = (
				89D0F0490F393A6F007831A7 /* Debug */,
				89D0F04A0F393A6F007831A7 /* Release */,
			);
			defaultConfigurationIsVisible = 0;
			defaultConfigurationName = Release;
		};
		89D0F0530F393AF8007831A7 /* Build configuration list for PBXNativeTarget "Compile Native" */ = {
			isa = XCConfigurationList;
			buildConfigurations = (
				89D0F0510F393ADA007831A7 /* Debug */,
				89D0F0520F393ADA007831A7 /* Release */,
			);
			defaultConfigurationIsVisible = 0;
			defaultConfigurationName = Release;
		};
		89D0F1D20F3B7080007831A7 /* Build configuration list for PBXAggregateTarget "KinectJNI" */ = {
			isa = XCConfigurationList;
			buildConfigurations = (
				89D0F1CA0F3B704F007831A7 /* Debug */,
				89D0F1CB0F3B704F007831A7 /* Release */,
			);
			defaultConfigurationIsVisible = 0;
			defaultConfigurationName = Release;
		};
		C01FCF4A08A954540054247B /* Build configuration list for PBXNativeTarget "Assemble Application" */ = {
			isa = XCConfigurationList;
			buildConfigurations = (
				C01FCF4B08A954540054247B /* Debug */,
				C01FCF4C08A954540054247B /* Release */,
			);
			defaultConfigurationIsVisible = 0;
			defaultConfigurationName = Release;
		};
		C01FCF4E08A954540054247B /* Build configuration list for PBXProject "KinectJNI" */ = {
			isa = XCConfigurationList;
			buildConfigurations = (
				C01FCF4F08A954540054247B /* Debug */,
				C01FCF5008A954540054247B /* Release */,
			);
			defaultConfigurationIsVisible = 0;
			defaultConfigurationName = Release;
		};
/* End XCConfigurationList section */
	};
	rootObject = 29B97313FDCFA39411CA2CEA /* Project object */;
}
